// !$*UTF8*$!
{
	archiveVersion = 1;
	classes = {
	};
	objectVersion = 46;
	objects = {

/* Begin PBXBuildFile section */
		C44C0CEC1D7442F70050A648 /* Alamofire.framework in Frameworks */ = {isa = PBXBuildFile; fileRef = C44C0CDF1D7442C80050A648 /* Alamofire.framework */; };
		C44C0CED1D7442F70050A648 /* Alamofire.framework in Embed Frameworks */ = {isa = PBXBuildFile; fileRef = C44C0CDF1D7442C80050A648 /* Alamofire.framework */; settings = {ATTRIBUTES = (CodeSignOnCopy, RemoveHeadersOnCopy, ); }; };
		C44C0D081D7443F80050A648 /* SnapKit.framework in Frameworks */ = {isa = PBXBuildFile; fileRef = C44C0CFB1D7443E00050A648 /* SnapKit.framework */; };
		C44C0D091D7443F80050A648 /* SnapKit.framework in Embed Frameworks */ = {isa = PBXBuildFile; fileRef = C44C0CFB1D7443E00050A648 /* SnapKit.framework */; settings = {ATTRIBUTES = (CodeSignOnCopy, RemoveHeadersOnCopy, ); }; };
		C44C0D0F1D7446A40050A648 /* ImportHeader.swift in Sources */ = {isa = PBXBuildFile; fileRef = C44C0D0E1D7446A40050A648 /* ImportHeader.swift */; };
		C44C0D371D7448DE0050A648 /* Kingfisher.framework in Frameworks */ = {isa = PBXBuildFile; fileRef = C44C0D201D7448BB0050A648 /* Kingfisher.framework */; };
		C44C0D381D7448DE0050A648 /* Kingfisher.framework in Embed Frameworks */ = {isa = PBXBuildFile; fileRef = C44C0D201D7448BB0050A648 /* Kingfisher.framework */; settings = {ATTRIBUTES = (CodeSignOnCopy, RemoveHeadersOnCopy, ); }; };
		C44C0D471D744D300050A648 /* DGElasticPullToRefreshConstants.swift in Sources */ = {isa = PBXBuildFile; fileRef = C44C0D421D744D300050A648 /* DGElasticPullToRefreshConstants.swift */; };
		C44C0D481D744D300050A648 /* DGElasticPullToRefreshExtensions.swift in Sources */ = {isa = PBXBuildFile; fileRef = C44C0D431D744D300050A648 /* DGElasticPullToRefreshExtensions.swift */; };
		C44C0D491D744D300050A648 /* DGElasticPullToRefreshLoadingView.swift in Sources */ = {isa = PBXBuildFile; fileRef = C44C0D441D744D300050A648 /* DGElasticPullToRefreshLoadingView.swift */; };
		C44C0D4A1D744D300050A648 /* DGElasticPullToRefreshLoadingViewCircle.swift in Sources */ = {isa = PBXBuildFile; fileRef = C44C0D451D744D300050A648 /* DGElasticPullToRefreshLoadingViewCircle.swift */; };
		C44C0D4B1D744D300050A648 /* DGElasticPullToRefreshView.swift in Sources */ = {isa = PBXBuildFile; fileRef = C44C0D461D744D300050A648 /* DGElasticPullToRefreshView.swift */; };
		C44C0D5D1D7533E30050A648 /* RAMBounceAnimation.swift in Sources */ = {isa = PBXBuildFile; fileRef = C44C0D501D7533E30050A648 /* RAMBounceAnimation.swift */; };
		C44C0D5E1D7533E30050A648 /* RAMFrameItemAnimation.swift in Sources */ = {isa = PBXBuildFile; fileRef = C44C0D521D7533E30050A648 /* RAMFrameItemAnimation.swift */; };
		C44C0D5F1D7533E30050A648 /* RAMFumeAnimation.swift in Sources */ = {isa = PBXBuildFile; fileRef = C44C0D541D7533E30050A648 /* RAMFumeAnimation.swift */; };
		C44C0D601D7533E30050A648 /* RAMRotationAnimation.swift in Sources */ = {isa = PBXBuildFile; fileRef = C44C0D561D7533E30050A648 /* RAMRotationAnimation.swift */; };
		C44C0D611D7533E30050A648 /* RAMTransitionItemAnimations.swift in Sources */ = {isa = PBXBuildFile; fileRef = C44C0D581D7533E30050A648 /* RAMTransitionItemAnimations.swift */; };
		C44C0D621D7533E30050A648 /* RAMAnimatedTabBarController.swift in Sources */ = {isa = PBXBuildFile; fileRef = C44C0D591D7533E30050A648 /* RAMAnimatedTabBarController.swift */; };
		C44C0D631D7533E30050A648 /* RAMBadge.swift in Sources */ = {isa = PBXBuildFile; fileRef = C44C0D5B1D7533E30050A648 /* RAMBadge.swift */; };
		C44C0D641D7533E30050A648 /* RAMItemAnimationProtocol.swift in Sources */ = {isa = PBXBuildFile; fileRef = C44C0D5C1D7533E30050A648 /* RAMItemAnimationProtocol.swift */; };
		C44C0D6D1D7555370050A648 /* HomeViewCOntroller.swift in Sources */ = {isa = PBXBuildFile; fileRef = C44C0D6C1D7555370050A648 /* HomeViewCOntroller.swift */; };
		C44C0D731D757C720050A648 /* LiveViewCOntroller.swift in Sources */ = {isa = PBXBuildFile; fileRef = C44C0D721D757C720050A648 /* LiveViewCOntroller.swift */; };
		C44C0D751D757C880050A648 /* MyViewController.swift in Sources */ = {isa = PBXBuildFile; fileRef = C44C0D741D757C880050A648 /* MyViewController.swift */; };
		C44C0D771D757F940050A648 /* MainTabBarController.swift in Sources */ = {isa = PBXBuildFile; fileRef = C44C0D761D757F940050A648 /* MainTabBarController.swift */; };
		C44C0D791D757FEF0050A648 /* BasicViewController.swift in Sources */ = {isa = PBXBuildFile; fileRef = C44C0D781D757FEF0050A648 /* BasicViewController.swift */; };
		C44C0D7B1D758BF80050A648 /* HomeTableViewCell.swift in Sources */ = {isa = PBXBuildFile; fileRef = C44C0D7A1D758BF80050A648 /* HomeTableViewCell.swift */; };
		C44C0D821D76A94F0050A648 /* UIColor+HEX.swift in Sources */ = {isa = PBXBuildFile; fileRef = C44C0D811D76A94F0050A648 /* UIColor+HEX.swift */; };
		C44C0D841D76B5960050A648 /* NetWork.swift in Sources */ = {isa = PBXBuildFile; fileRef = C44C0D831D76B5960050A648 /* NetWork.swift */; };
		C44C0D921D76BB8C0050A648 /* Reflect+ArcFile.swift in Sources */ = {isa = PBXBuildFile; fileRef = C44C0D871D76BB8C0050A648 /* Reflect+ArcFile.swift */; };
		C44C0D931D76BB8C0050A648 /* Reflect+Parse.swift in Sources */ = {isa = PBXBuildFile; fileRef = C44C0D891D76BB8C0050A648 /* Reflect+Parse.swift */; };
		C44C0D941D76BB8C0050A648 /* Reflect+Convert.swift in Sources */ = {isa = PBXBuildFile; fileRef = C44C0D8B1D76BB8C0050A648 /* Reflect+Convert.swift */; };
		C44C0D951D76BB8C0050A648 /* Reflect+Class.swift in Sources */ = {isa = PBXBuildFile; fileRef = C44C0D8D1D76BB8C0050A648 /* Reflect+Class.swift */; };
		C44C0D961D76BB8C0050A648 /* Reflect+Other.swift in Sources */ = {isa = PBXBuildFile; fileRef = C44C0D8E1D76BB8C0050A648 /* Reflect+Other.swift */; };
		C44C0D971D76BB8C0050A648 /* Reflect+Property.swift in Sources */ = {isa = PBXBuildFile; fileRef = C44C0D8F1D76BB8C0050A648 /* Reflect+Property.swift */; };
		C44C0D981D76BB8C0050A648 /* Reflect+Type.swift in Sources */ = {isa = PBXBuildFile; fileRef = C44C0D901D76BB8C0050A648 /* Reflect+Type.swift */; };
		C44C0D991D76BB8C0050A648 /* Reflect.swift in Sources */ = {isa = PBXBuildFile; fileRef = C44C0D911D76BB8C0050A648 /* Reflect.swift */; };
		C44C0D9B1D76BBAF0050A648 /* HomeModel.swift in Sources */ = {isa = PBXBuildFile; fileRef = C44C0D9A1D76BBAF0050A648 /* HomeModel.swift */; };
		C48907BB1D7430DC00B9B0DB /* AppDelegate.swift in Sources */ = {isa = PBXBuildFile; fileRef = C48907BA1D7430DC00B9B0DB /* AppDelegate.swift */; };
		C48907C01D7430DC00B9B0DB /* Main.storyboard in Resources */ = {isa = PBXBuildFile; fileRef = C48907BE1D7430DC00B9B0DB /* Main.storyboard */; };
		C48907C21D7430DC00B9B0DB /* Assets.xcassets in Resources */ = {isa = PBXBuildFile; fileRef = C48907C11D7430DC00B9B0DB /* Assets.xcassets */; };
		C48907C51D7430DC00B9B0DB /* LaunchScreen.storyboard in Resources */ = {isa = PBXBuildFile; fileRef = C48907C31D7430DC00B9B0DB /* LaunchScreen.storyboard */; };
		C48907D01D7430DC00B9B0DB /* LKLiveToolTests.swift in Sources */ = {isa = PBXBuildFile; fileRef = C48907CF1D7430DC00B9B0DB /* LKLiveToolTests.swift */; };
		C48907DB1D7430DC00B9B0DB /* LKLiveToolUITests.swift in Sources */ = {isa = PBXBuildFile; fileRef = C48907DA1D7430DC00B9B0DB /* LKLiveToolUITests.swift */; };
		C4AD60981D76D7B500091BCC /* commonHeader.swift in Sources */ = {isa = PBXBuildFile; fileRef = C4AD60971D76D7B500091BCC /* commonHeader.swift */; };
		C4AD60B21D76D9D700091BCC /* MainNavigationViewController.swift in Sources */ = {isa = PBXBuildFile; fileRef = C4AD60B11D76D9D700091BCC /* MainNavigationViewController.swift */; };
		C4AD60B41D76E63F00091BCC /* PlayerLiveViewController.swift in Sources */ = {isa = PBXBuildFile; fileRef = C4AD60B31D76E63F00091BCC /* PlayerLiveViewController.swift */; };
		C4AD60B61D7803C600091BCC /* IJKMediaFramework.framework in Frameworks */ = {isa = PBXBuildFile; fileRef = C4AD60B51D7803C600091BCC /* IJKMediaFramework.framework */; };
		C4AD60BC1D7806BD00091BCC /* libz.tbd in Frameworks */ = {isa = PBXBuildFile; fileRef = C4AD60BB1D7806BD00091BCC /* libz.tbd */; };
/* End PBXBuildFile section */

/* Begin PBXContainerItemProxy section */
		C44C0CDE1D7442C80050A648 /* PBXContainerItemProxy */ = {
			isa = PBXContainerItemProxy;
			containerPortal = C44C0CD31D7442C80050A648 /* Alamofire.xcodeproj */;
			proxyType = 2;
			remoteGlobalIDString = F8111E3319A95C8B0040E7D1;
			remoteInfo = "Alamofire iOS";
		};
		C44C0CE01D7442C80050A648 /* PBXContainerItemProxy */ = {
			isa = PBXContainerItemProxy;
			containerPortal = C44C0CD31D7442C80050A648 /* Alamofire.xcodeproj */;
			proxyType = 2;
			remoteGlobalIDString = F8111E3E19A95C8B0040E7D1;
			remoteInfo = "Alamofire iOS Tests";
		};
		C44C0CE21D7442C80050A648 /* PBXContainerItemProxy */ = {
			isa = PBXContainerItemProxy;
			containerPortal = C44C0CD31D7442C80050A648 /* Alamofire.xcodeproj */;
			proxyType = 2;
			remoteGlobalIDString = 4DD67C0B1A5C55C900ED2280;
			remoteInfo = "Alamofire OSX";
		};
		C44C0CE41D7442C80050A648 /* PBXContainerItemProxy */ = {
			isa = PBXContainerItemProxy;
			containerPortal = C44C0CD31D7442C80050A648 /* Alamofire.xcodeproj */;
			proxyType = 2;
			remoteGlobalIDString = F829C6B21A7A94F100A2CD59;
			remoteInfo = "Alamofire OSX Tests";
		};
		C44C0CE61D7442C80050A648 /* PBXContainerItemProxy */ = {
			isa = PBXContainerItemProxy;
			containerPortal = C44C0CD31D7442C80050A648 /* Alamofire.xcodeproj */;
			proxyType = 2;
			remoteGlobalIDString = 4CF626EF1BA7CB3E0011A099;
			remoteInfo = "Alamofire tvOS";
		};
		C44C0CE81D7442C80050A648 /* PBXContainerItemProxy */ = {
			isa = PBXContainerItemProxy;
			containerPortal = C44C0CD31D7442C80050A648 /* Alamofire.xcodeproj */;
			proxyType = 2;
			remoteGlobalIDString = 4CF626F81BA7CB3E0011A099;
			remoteInfo = "Alamofire tvOS Tests";
		};
		C44C0CEA1D7442C80050A648 /* PBXContainerItemProxy */ = {
			isa = PBXContainerItemProxy;
			containerPortal = C44C0CD31D7442C80050A648 /* Alamofire.xcodeproj */;
			proxyType = 2;
			remoteGlobalIDString = E4202FE01B667AA100C997FB;
			remoteInfo = "Alamofire watchOS";
		};
		C44C0CEE1D7442F70050A648 /* PBXContainerItemProxy */ = {
			isa = PBXContainerItemProxy;
			containerPortal = C44C0CD31D7442C80050A648 /* Alamofire.xcodeproj */;
			proxyType = 1;
			remoteGlobalIDString = F8111E3219A95C8B0040E7D1;
			remoteInfo = "Alamofire iOS";
		};
		C44C0CFA1D7443E00050A648 /* PBXContainerItemProxy */ = {
			isa = PBXContainerItemProxy;
			containerPortal = C44C0CF01D7443E00050A648 /* SnapKit.xcodeproj */;
			proxyType = 2;
			remoteGlobalIDString = EEBCC9D819CC627D0083B827;
			remoteInfo = "SnapKit iOS";
		};
		C44C0CFC1D7443E00050A648 /* PBXContainerItemProxy */ = {
			isa = PBXContainerItemProxy;
			containerPortal = C44C0CF01D7443E00050A648 /* SnapKit.xcodeproj */;
			proxyType = 2;
			remoteGlobalIDString = 537DCE921C35CC8800B5B899;
			remoteInfo = "SnapKit tvOS";
		};
		C44C0CFE1D7443E00050A648 /* PBXContainerItemProxy */ = {
			isa = PBXContainerItemProxy;
			containerPortal = C44C0CF01D7443E00050A648 /* SnapKit.xcodeproj */;
			proxyType = 2;
			remoteGlobalIDString = EECDB37A1AC0C9D4006BBC11;
			remoteInfo = "SnapKit OSX";
		};
		C44C0D001D7443E00050A648 /* PBXContainerItemProxy */ = {
			isa = PBXContainerItemProxy;
			containerPortal = C44C0CF01D7443E00050A648 /* SnapKit.xcodeproj */;
			proxyType = 2;
			remoteGlobalIDString = EEBCC9E219CC627E0083B827;
			remoteInfo = "SnapKit iOS Tests";
		};
		C44C0D021D7443E00050A648 /* PBXContainerItemProxy */ = {
			isa = PBXContainerItemProxy;
			containerPortal = C44C0CF01D7443E00050A648 /* SnapKit.xcodeproj */;
			proxyType = 2;
			remoteGlobalIDString = 537DCEAF1C35D90A00B5B899;
			remoteInfo = "SnapKit tvOS Tests";
		};
		C44C0D041D7443E00050A648 /* PBXContainerItemProxy */ = {
			isa = PBXContainerItemProxy;
			containerPortal = C44C0CF01D7443E00050A648 /* SnapKit.xcodeproj */;
			proxyType = 2;
			remoteGlobalIDString = EECDB3841AC0C9D4006BBC11;
			remoteInfo = "SnapKit OSX Tests";
		};
		C44C0D061D7443E00050A648 /* PBXContainerItemProxy */ = {
			isa = PBXContainerItemProxy;
			containerPortal = C44C0CF01D7443E00050A648 /* SnapKit.xcodeproj */;
			proxyType = 2;
			remoteGlobalIDString = 56A0DC091C859E30005973AB;
			remoteInfo = "Example-iOS";
		};
		C44C0D0A1D7443F80050A648 /* PBXContainerItemProxy */ = {
			isa = PBXContainerItemProxy;
			containerPortal = C44C0CF01D7443E00050A648 /* SnapKit.xcodeproj */;
			proxyType = 1;
			remoteGlobalIDString = EEBCC9D719CC627D0083B827;
			remoteInfo = "SnapKit iOS";
		};
		C44C0D1F1D7448BB0050A648 /* PBXContainerItemProxy */ = {
			isa = PBXContainerItemProxy;
			containerPortal = C44C0D101D7448BB0050A648 /* Kingfisher.xcodeproj */;
			proxyType = 2;
			remoteGlobalIDString = D1ED2D351AD2D09F00CFC3EB;
			remoteInfo = "Kingfisher-iOS";
		};
		C44C0D211D7448BB0050A648 /* PBXContainerItemProxy */ = {
			isa = PBXContainerItemProxy;
			containerPortal = C44C0D101D7448BB0050A648 /* Kingfisher.xcodeproj */;
			proxyType = 2;
			remoteGlobalIDString = D13F49D61BEDA67C00CE335D;
			remoteInfo = "Kingfisher-tvOS";
		};
		C44C0D231D7448BB0050A648 /* PBXContainerItemProxy */ = {
			isa = PBXContainerItemProxy;
			containerPortal = C44C0D101D7448BB0050A648 /* Kingfisher.xcodeproj */;
			proxyType = 2;
			remoteGlobalIDString = 4B2944481C3D01B20088C3E7;
			remoteInfo = "Kingfisher-OSX";
		};
		C44C0D251D7448BB0050A648 /* PBXContainerItemProxy */ = {
			isa = PBXContainerItemProxy;
			containerPortal = C44C0D101D7448BB0050A648 /* Kingfisher.xcodeproj */;
			proxyType = 2;
			remoteGlobalIDString = D16799EB1C4E74460020FD12;
			remoteInfo = "Kingfisher-watchOS";
		};
		C44C0D271D7448BB0050A648 /* PBXContainerItemProxy */ = {
			isa = PBXContainerItemProxy;
			containerPortal = C44C0D101D7448BB0050A648 /* Kingfisher.xcodeproj */;
			proxyType = 2;
			remoteGlobalIDString = D1ED2D0B1AD2CFA600CFC3EB;
			remoteInfo = "Kingfisher-Demo";
		};
		C44C0D291D7448BB0050A648 /* PBXContainerItemProxy */ = {
			isa = PBXContainerItemProxy;
			containerPortal = C44C0D101D7448BB0050A648 /* Kingfisher.xcodeproj */;
			proxyType = 2;
			remoteGlobalIDString = D13F49C21BEDA53F00CE335D;
			remoteInfo = "Kingfisher-tvOS-Demo";
		};
		C44C0D2B1D7448BB0050A648 /* PBXContainerItemProxy */ = {
			isa = PBXContainerItemProxy;
			containerPortal = C44C0D101D7448BB0050A648 /* Kingfisher.xcodeproj */;
			proxyType = 2;
			remoteGlobalIDString = 4B2944551C3D03880088C3E7;
			remoteInfo = "Kingfisher-OSX-Demo";
		};
		C44C0D2D1D7448BB0050A648 /* PBXContainerItemProxy */ = {
			isa = PBXContainerItemProxy;
			containerPortal = C44C0D101D7448BB0050A648 /* Kingfisher.xcodeproj */;
			proxyType = 2;
			remoteGlobalIDString = D1679A391C4E78B20020FD12;
			remoteInfo = "Kingfisher-watchOS-Demo";
		};
		C44C0D2F1D7448BB0050A648 /* PBXContainerItemProxy */ = {
			isa = PBXContainerItemProxy;
			containerPortal = C44C0D101D7448BB0050A648 /* Kingfisher.xcodeproj */;
			proxyType = 2;
			remoteGlobalIDString = D1679A451C4E78B20020FD12;
			remoteInfo = "Kingfisher-watchOS-Demo Extension";
		};
		C44C0D311D7448BB0050A648 /* PBXContainerItemProxy */ = {
			isa = PBXContainerItemProxy;
			containerPortal = C44C0D101D7448BB0050A648 /* Kingfisher.xcodeproj */;
			proxyType = 2;
			remoteGlobalIDString = D1ED2D3F1AD2D09F00CFC3EB;
			remoteInfo = KingfisherTests;
		};
		C44C0D331D7448BB0050A648 /* PBXContainerItemProxy */ = {
			isa = PBXContainerItemProxy;
			containerPortal = C44C0D101D7448BB0050A648 /* Kingfisher.xcodeproj */;
			proxyType = 2;
			remoteGlobalIDString = 4B37667F1C478F940001443F;
			remoteInfo = "KingfisherTests-tvOS";
		};
		C44C0D351D7448BB0050A648 /* PBXContainerItemProxy */ = {
			isa = PBXContainerItemProxy;
			containerPortal = C44C0D101D7448BB0050A648 /* Kingfisher.xcodeproj */;
			proxyType = 2;
			remoteGlobalIDString = D10EC2311C3D632300A4211C;
			remoteInfo = "KingfisherTests-OSX";
		};
		C44C0D391D7448DE0050A648 /* PBXContainerItemProxy */ = {
			isa = PBXContainerItemProxy;
			containerPortal = C44C0D101D7448BB0050A648 /* Kingfisher.xcodeproj */;
			proxyType = 1;
			remoteGlobalIDString = D1ED2D341AD2D09F00CFC3EB;
			remoteInfo = "Kingfisher-iOS";
		};
		C48907CC1D7430DC00B9B0DB /* PBXContainerItemProxy */ = {
			isa = PBXContainerItemProxy;
			containerPortal = C48907AF1D7430DC00B9B0DB /* Project object */;
			proxyType = 1;
			remoteGlobalIDString = C48907B61D7430DC00B9B0DB;
			remoteInfo = LKLiveTool;
		};
		C48907D71D7430DC00B9B0DB /* PBXContainerItemProxy */ = {
			isa = PBXContainerItemProxy;
			containerPortal = C48907AF1D7430DC00B9B0DB /* Project object */;
			proxyType = 1;
			remoteGlobalIDString = C48907B61D7430DC00B9B0DB;
			remoteInfo = LKLiveTool;
		};
/* End PBXContainerItemProxy section */

/* Begin PBXCopyFilesBuildPhase section */
		C44C0CD21D7442170050A648 /* Embed Frameworks */ = {
			isa = PBXCopyFilesBuildPhase;
			buildActionMask = 2147483647;
			dstPath = "";
			dstSubfolderSpec = 10;
			files = (
				C44C0CED1D7442F70050A648 /* Alamofire.framework in Embed Frameworks */,
				C44C0D381D7448DE0050A648 /* Kingfisher.framework in Embed Frameworks */,
				C44C0D091D7443F80050A648 /* SnapKit.framework in Embed Frameworks */,
			);
			name = "Embed Frameworks";
			runOnlyForDeploymentPostprocessing = 0;
		};
/* End PBXCopyFilesBuildPhase section */

/* Begin PBXFileReference section */
		C44C0CD31D7442C80050A648 /* Alamofire.xcodeproj */ = {isa = PBXFileReference; lastKnownFileType = "wrapper.pb-project"; name = Alamofire.xcodeproj; path = "Alamofire-master/Alamofire.xcodeproj"; sourceTree = "<group>"; };
		C44C0CF01D7443E00050A648 /* SnapKit.xcodeproj */ = {isa = PBXFileReference; lastKnownFileType = "wrapper.pb-project"; name = SnapKit.xcodeproj; path = "SnapKit-develop/SnapKit.xcodeproj"; sourceTree = "<group>"; };
		C44C0D0E1D7446A40050A648 /* ImportHeader.swift */ = {isa = PBXFileReference; fileEncoding = 4; lastKnownFileType = sourcecode.swift; path = ImportHeader.swift; sourceTree = "<group>"; };
		C44C0D101D7448BB0050A648 /* Kingfisher.xcodeproj */ = {isa = PBXFileReference; lastKnownFileType = "wrapper.pb-project"; name = Kingfisher.xcodeproj; path = "Kingfisher-master/Kingfisher.xcodeproj"; sourceTree = "<group>"; };
		C44C0D421D744D300050A648 /* DGElasticPullToRefreshConstants.swift */ = {isa = PBXFileReference; fileEncoding = 4; lastKnownFileType = sourcecode.swift; path = DGElasticPullToRefreshConstants.swift; sourceTree = "<group>"; };
		C44C0D431D744D300050A648 /* DGElasticPullToRefreshExtensions.swift */ = {isa = PBXFileReference; fileEncoding = 4; lastKnownFileType = sourcecode.swift; path = DGElasticPullToRefreshExtensions.swift; sourceTree = "<group>"; };
		C44C0D441D744D300050A648 /* DGElasticPullToRefreshLoadingView.swift */ = {isa = PBXFileReference; fileEncoding = 4; lastKnownFileType = sourcecode.swift; path = DGElasticPullToRefreshLoadingView.swift; sourceTree = "<group>"; };
		C44C0D451D744D300050A648 /* DGElasticPullToRefreshLoadingViewCircle.swift */ = {isa = PBXFileReference; fileEncoding = 4; lastKnownFileType = sourcecode.swift; path = DGElasticPullToRefreshLoadingViewCircle.swift; sourceTree = "<group>"; };
		C44C0D461D744D300050A648 /* DGElasticPullToRefreshView.swift */ = {isa = PBXFileReference; fileEncoding = 4; lastKnownFileType = sourcecode.swift; path = DGElasticPullToRefreshView.swift; sourceTree = "<group>"; };
		C44C0D501D7533E30050A648 /* RAMBounceAnimation.swift */ = {isa = PBXFileReference; fileEncoding = 4; lastKnownFileType = sourcecode.swift; path = RAMBounceAnimation.swift; sourceTree = "<group>"; };
		C44C0D521D7533E30050A648 /* RAMFrameItemAnimation.swift */ = {isa = PBXFileReference; fileEncoding = 4; lastKnownFileType = sourcecode.swift; path = RAMFrameItemAnimation.swift; sourceTree = "<group>"; };
		C44C0D541D7533E30050A648 /* RAMFumeAnimation.swift */ = {isa = PBXFileReference; fileEncoding = 4; lastKnownFileType = sourcecode.swift; path = RAMFumeAnimation.swift; sourceTree = "<group>"; };
		C44C0D561D7533E30050A648 /* RAMRotationAnimation.swift */ = {isa = PBXFileReference; fileEncoding = 4; lastKnownFileType = sourcecode.swift; path = RAMRotationAnimation.swift; sourceTree = "<group>"; };
		C44C0D581D7533E30050A648 /* RAMTransitionItemAnimations.swift */ = {isa = PBXFileReference; fileEncoding = 4; lastKnownFileType = sourcecode.swift; path = RAMTransitionItemAnimations.swift; sourceTree = "<group>"; };
		C44C0D591D7533E30050A648 /* RAMAnimatedTabBarController.swift */ = {isa = PBXFileReference; fileEncoding = 4; lastKnownFileType = sourcecode.swift; path = RAMAnimatedTabBarController.swift; sourceTree = "<group>"; };
		C44C0D5B1D7533E30050A648 /* RAMBadge.swift */ = {isa = PBXFileReference; fileEncoding = 4; lastKnownFileType = sourcecode.swift; path = RAMBadge.swift; sourceTree = "<group>"; };
		C44C0D5C1D7533E30050A648 /* RAMItemAnimationProtocol.swift */ = {isa = PBXFileReference; fileEncoding = 4; lastKnownFileType = sourcecode.swift; path = RAMItemAnimationProtocol.swift; sourceTree = "<group>"; };
		C44C0D6C1D7555370050A648 /* HomeViewCOntroller.swift */ = {isa = PBXFileReference; fileEncoding = 4; lastKnownFileType = sourcecode.swift; path = HomeViewCOntroller.swift; sourceTree = "<group>"; };
		C44C0D721D757C720050A648 /* LiveViewCOntroller.swift */ = {isa = PBXFileReference; fileEncoding = 4; lastKnownFileType = sourcecode.swift; path = LiveViewCOntroller.swift; sourceTree = "<group>"; };
		C44C0D741D757C880050A648 /* MyViewController.swift */ = {isa = PBXFileReference; fileEncoding = 4; lastKnownFileType = sourcecode.swift; path = MyViewController.swift; sourceTree = "<group>"; };
		C44C0D761D757F940050A648 /* MainTabBarController.swift */ = {isa = PBXFileReference; fileEncoding = 4; lastKnownFileType = sourcecode.swift; path = MainTabBarController.swift; sourceTree = "<group>"; };
		C44C0D781D757FEF0050A648 /* BasicViewController.swift */ = {isa = PBXFileReference; fileEncoding = 4; lastKnownFileType = sourcecode.swift; path = BasicViewController.swift; sourceTree = "<group>"; };
		C44C0D7A1D758BF80050A648 /* HomeTableViewCell.swift */ = {isa = PBXFileReference; fileEncoding = 4; lastKnownFileType = sourcecode.swift; path = HomeTableViewCell.swift; sourceTree = "<group>"; };
		C44C0D811D76A94F0050A648 /* UIColor+HEX.swift */ = {isa = PBXFileReference; fileEncoding = 4; lastKnownFileType = sourcecode.swift; path = "UIColor+HEX.swift"; sourceTree = "<group>"; };
		C44C0D831D76B5960050A648 /* NetWork.swift */ = {isa = PBXFileReference; fileEncoding = 4; lastKnownFileType = sourcecode.swift; path = NetWork.swift; sourceTree = "<group>"; };
		C44C0D871D76BB8C0050A648 /* Reflect+ArcFile.swift */ = {isa = PBXFileReference; fileEncoding = 4; lastKnownFileType = sourcecode.swift; path = "Reflect+ArcFile.swift"; sourceTree = "<group>"; };
		C44C0D891D76BB8C0050A648 /* Reflect+Parse.swift */ = {isa = PBXFileReference; fileEncoding = 4; lastKnownFileType = sourcecode.swift; path = "Reflect+Parse.swift"; sourceTree = "<group>"; };
		C44C0D8B1D76BB8C0050A648 /* Reflect+Convert.swift */ = {isa = PBXFileReference; fileEncoding = 4; lastKnownFileType = sourcecode.swift; path = "Reflect+Convert.swift"; sourceTree = "<group>"; };
		C44C0D8D1D76BB8C0050A648 /* Reflect+Class.swift */ = {isa = PBXFileReference; fileEncoding = 4; lastKnownFileType = sourcecode.swift; path = "Reflect+Class.swift"; sourceTree = "<group>"; };
		C44C0D8E1D76BB8C0050A648 /* Reflect+Other.swift */ = {isa = PBXFileReference; fileEncoding = 4; lastKnownFileType = sourcecode.swift; path = "Reflect+Other.swift"; sourceTree = "<group>"; };
		C44C0D8F1D76BB8C0050A648 /* Reflect+Property.swift */ = {isa = PBXFileReference; fileEncoding = 4; lastKnownFileType = sourcecode.swift; path = "Reflect+Property.swift"; sourceTree = "<group>"; };
		C44C0D901D76BB8C0050A648 /* Reflect+Type.swift */ = {isa = PBXFileReference; fileEncoding = 4; lastKnownFileType = sourcecode.swift; path = "Reflect+Type.swift"; sourceTree = "<group>"; };
		C44C0D911D76BB8C0050A648 /* Reflect.swift */ = {isa = PBXFileReference; fileEncoding = 4; lastKnownFileType = sourcecode.swift; path = Reflect.swift; sourceTree = "<group>"; };
		C44C0D9A1D76BBAF0050A648 /* HomeModel.swift */ = {isa = PBXFileReference; fileEncoding = 4; lastKnownFileType = sourcecode.swift; path = HomeModel.swift; sourceTree = "<group>"; };
		C48907B71D7430DC00B9B0DB /* LKLiveTool.app */ = {isa = PBXFileReference; explicitFileType = wrapper.application; includeInIndex = 0; path = LKLiveTool.app; sourceTree = BUILT_PRODUCTS_DIR; };
		C48907BA1D7430DC00B9B0DB /* AppDelegate.swift */ = {isa = PBXFileReference; lastKnownFileType = sourcecode.swift; name = AppDelegate.swift; path = ../AppDelegate.swift; sourceTree = "<group>"; };
		C48907BF1D7430DC00B9B0DB /* Base */ = {isa = PBXFileReference; lastKnownFileType = file.storyboard; name = Base; path = Base.lproj/Main.storyboard; sourceTree = "<group>"; };
		C48907C11D7430DC00B9B0DB /* Assets.xcassets */ = {isa = PBXFileReference; lastKnownFileType = folder.assetcatalog; name = Assets.xcassets; path = ../Assets.xcassets; sourceTree = "<group>"; };
		C48907C41D7430DC00B9B0DB /* Base */ = {isa = PBXFileReference; lastKnownFileType = file.storyboard; name = Base; path = Base.lproj/LaunchScreen.storyboard; sourceTree = "<group>"; };
		C48907C61D7430DC00B9B0DB /* Info.plist */ = {isa = PBXFileReference; lastKnownFileType = text.plist.xml; name = Info.plist; path = ../Info.plist; sourceTree = "<group>"; };
		C48907CB1D7430DC00B9B0DB /* LKLiveToolTests.xctest */ = {isa = PBXFileReference; explicitFileType = wrapper.cfbundle; includeInIndex = 0; path = LKLiveToolTests.xctest; sourceTree = BUILT_PRODUCTS_DIR; };
		C48907CF1D7430DC00B9B0DB /* LKLiveToolTests.swift */ = {isa = PBXFileReference; lastKnownFileType = sourcecode.swift; path = LKLiveToolTests.swift; sourceTree = "<group>"; };
		C48907D11D7430DC00B9B0DB /* Info.plist */ = {isa = PBXFileReference; lastKnownFileType = text.plist.xml; path = Info.plist; sourceTree = "<group>"; };
		C48907D61D7430DC00B9B0DB /* LKLiveToolUITests.xctest */ = {isa = PBXFileReference; explicitFileType = wrapper.cfbundle; includeInIndex = 0; path = LKLiveToolUITests.xctest; sourceTree = BUILT_PRODUCTS_DIR; };
		C48907DA1D7430DC00B9B0DB /* LKLiveToolUITests.swift */ = {isa = PBXFileReference; lastKnownFileType = sourcecode.swift; path = LKLiveToolUITests.swift; sourceTree = "<group>"; };
		C48907DC1D7430DC00B9B0DB /* Info.plist */ = {isa = PBXFileReference; lastKnownFileType = text.plist.xml; path = Info.plist; sourceTree = "<group>"; };
		C4AD60971D76D7B500091BCC /* commonHeader.swift */ = {isa = PBXFileReference; fileEncoding = 4; lastKnownFileType = sourcecode.swift; path = commonHeader.swift; sourceTree = "<group>"; };
		C4AD60B11D76D9D700091BCC /* MainNavigationViewController.swift */ = {isa = PBXFileReference; fileEncoding = 4; lastKnownFileType = sourcecode.swift; path = MainNavigationViewController.swift; sourceTree = "<group>"; };
		C4AD60B31D76E63F00091BCC /* PlayerLiveViewController.swift */ = {isa = PBXFileReference; fileEncoding = 4; lastKnownFileType = sourcecode.swift; path = PlayerLiveViewController.swift; sourceTree = "<group>"; };
		C4AD60B51D7803C600091BCC /* IJKMediaFramework.framework */ = {isa = PBXFileReference; lastKnownFileType = wrapper.framework; path = IJKMediaFramework.framework; sourceTree = "<group>"; };
		C4AD60B71D78044000091BCC /* LKLiveTool-Bridging-Header.h */ = {isa = PBXFileReference; lastKnownFileType = sourcecode.c.h; name = "LKLiveTool-Bridging-Header.h"; path = "../Main/Home/LKLiveTool-Bridging-Header.h"; sourceTree = "<group>"; };
		C4AD60BB1D7806BD00091BCC /* libz.tbd */ = {isa = PBXFileReference; lastKnownFileType = "sourcecode.text-based-dylib-definition"; name = libz.tbd; path = usr/lib/libz.tbd; sourceTree = SDKROOT; };
/* End PBXFileReference section */

/* Begin PBXFrameworksBuildPhase section */
		C48907B41D7430DC00B9B0DB /* Frameworks */ = {
			isa = PBXFrameworksBuildPhase;
			buildActionMask = 2147483647;
			files = (
				C4AD60BC1D7806BD00091BCC /* libz.tbd in Frameworks */,
				C44C0CEC1D7442F70050A648 /* Alamofire.framework in Frameworks */,
				C44C0D371D7448DE0050A648 /* Kingfisher.framework in Frameworks */,
				C44C0D081D7443F80050A648 /* SnapKit.framework in Frameworks */,
				C4AD60B61D7803C600091BCC /* IJKMediaFramework.framework in Frameworks */,
			);
			runOnlyForDeploymentPostprocessing = 0;
		};
		C48907C81D7430DC00B9B0DB /* Frameworks */ = {
			isa = PBXFrameworksBuildPhase;
			buildActionMask = 2147483647;
			files = (
			);
			runOnlyForDeploymentPostprocessing = 0;
		};
		C48907D31D7430DC00B9B0DB /* Frameworks */ = {
			isa = PBXFrameworksBuildPhase;
			buildActionMask = 2147483647;
			files = (
			);
			runOnlyForDeploymentPostprocessing = 0;
		};
/* End PBXFrameworksBuildPhase section */

/* Begin PBXGroup section */
		C44C0CD41D7442C80050A648 /* Products */ = {
			isa = PBXGroup;
			children = (
				C44C0CDF1D7442C80050A648 /* Alamofire.framework */,
				C44C0CE11D7442C80050A648 /* Alamofire iOS Tests.xctest */,
				C44C0CE31D7442C80050A648 /* Alamofire.framework */,
				C44C0CE51D7442C80050A648 /* Alamofire OSX Tests.xctest */,
				C44C0CE71D7442C80050A648 /* Alamofire.framework */,
				C44C0CE91D7442C80050A648 /* Alamofire tvOS Tests.xctest */,
				C44C0CEB1D7442C80050A648 /* Alamofire.framework */,
			);
			name = Products;
			sourceTree = "<group>";
		};
		C44C0CF11D7443E00050A648 /* Products */ = {
			isa = PBXGroup;
			children = (
				C44C0CFB1D7443E00050A648 /* SnapKit.framework */,
				C44C0CFD1D7443E00050A648 /* SnapKit.framework */,
				C44C0CFF1D7443E00050A648 /* SnapKit.framework */,
				C44C0D011D7443E00050A648 /* SnapKit iOS Tests.xctest */,
				C44C0D031D7443E00050A648 /* SnapKit tvOS Tests.xctest */,
				C44C0D051D7443E00050A648 /* SnapKit OSX Tests.xctest */,
				C44C0D071D7443E00050A648 /* Example-iOS.app */,
			);
			name = Products;
			sourceTree = "<group>";
		};
		C44C0D0D1D7446760050A648 /* Header */ = {
			isa = PBXGroup;
			children = (
				C4AD60B71D78044000091BCC /* LKLiveTool-Bridging-Header.h */,
				C44C0D0E1D7446A40050A648 /* ImportHeader.swift */,
				C4AD60971D76D7B500091BCC /* commonHeader.swift */,
			);
			path = Header;
			sourceTree = "<group>";
		};
		C44C0D111D7448BB0050A648 /* Products */ = {
			isa = PBXGroup;
			children = (
				C44C0D201D7448BB0050A648 /* Kingfisher.framework */,
				C44C0D221D7448BB0050A648 /* Kingfisher.framework */,
				C44C0D241D7448BB0050A648 /* Kingfisher.framework */,
				C44C0D261D7448BB0050A648 /* Kingfisher.framework */,
				C44C0D281D7448BB0050A648 /* Kingfisher-Demo.app */,
				C44C0D2A1D7448BB0050A648 /* Kingfisher-tvOS-Demo.app */,
				C44C0D2C1D7448BB0050A648 /* Kingfisher-OSX-Demo.app */,
				C44C0D2E1D7448BB0050A648 /* Kingfisher-watchOS-Demo.app */,
				C44C0D301D7448BB0050A648 /* Kingfisher-watchOS-Demo Extension.appex */,
				C44C0D321D7448BB0050A648 /* KingfisherTests.xctest */,
				C44C0D341D7448BB0050A648 /* KingfisherTests-tvOS.xctest */,
				C44C0D361D7448BB0050A648 /* KingfisherTests-OSX.xctest */,
			);
			name = Products;
			sourceTree = "<group>";
		};
		C44C0D411D744D300050A648 /* DGElasticPullToRefresh */ = {
			isa = PBXGroup;
			children = (
				C44C0D421D744D300050A648 /* DGElasticPullToRefreshConstants.swift */,
				C44C0D431D744D300050A648 /* DGElasticPullToRefreshExtensions.swift */,
				C44C0D441D744D300050A648 /* DGElasticPullToRefreshLoadingView.swift */,
				C44C0D451D744D300050A648 /* DGElasticPullToRefreshLoadingViewCircle.swift */,
				C44C0D461D744D300050A648 /* DGElasticPullToRefreshView.swift */,
			);
			path = DGElasticPullToRefresh;
			sourceTree = "<group>";
		};
		C44C0D4C1D744DB00050A648 /* Resource */ = {
			isa = PBXGroup;
			children = (
				C48907C11D7430DC00B9B0DB /* Assets.xcassets */,
			);
			path = Resource;
			sourceTree = "<group>";
		};
		C44C0D4D1D7533E30050A648 /* RAMAnimatedTabBarController */ = {
			isa = PBXGroup;
			children = (
				C44C0D4E1D7533E30050A648 /* Animations */,
				C44C0D591D7533E30050A648 /* RAMAnimatedTabBarController.swift */,
				C44C0D5A1D7533E30050A648 /* RAMBadge */,
				C44C0D5C1D7533E30050A648 /* RAMItemAnimationProtocol.swift */,
			);
			path = RAMAnimatedTabBarController;
			sourceTree = "<group>";
		};
		C44C0D4E1D7533E30050A648 /* Animations */ = {
			isa = PBXGroup;
			children = (
				C44C0D4F1D7533E30050A648 /* BounceAnimation */,
				C44C0D511D7533E30050A648 /* FrameAnimation */,
				C44C0D531D7533E30050A648 /* FumeAnimation */,
				C44C0D551D7533E30050A648 /* RotationAnimation */,
				C44C0D571D7533E30050A648 /* TransitionAniamtions */,
			);
			path = Animations;
			sourceTree = "<group>";
		};
		C44C0D4F1D7533E30050A648 /* BounceAnimation */ = {
			isa = PBXGroup;
			children = (
				C44C0D501D7533E30050A648 /* RAMBounceAnimation.swift */,
			);
			path = BounceAnimation;
			sourceTree = "<group>";
		};
		C44C0D511D7533E30050A648 /* FrameAnimation */ = {
			isa = PBXGroup;
			children = (
				C44C0D521D7533E30050A648 /* RAMFrameItemAnimation.swift */,
			);
			path = FrameAnimation;
			sourceTree = "<group>";
		};
		C44C0D531D7533E30050A648 /* FumeAnimation */ = {
			isa = PBXGroup;
			children = (
				C44C0D541D7533E30050A648 /* RAMFumeAnimation.swift */,
			);
			path = FumeAnimation;
			sourceTree = "<group>";
		};
		C44C0D551D7533E30050A648 /* RotationAnimation */ = {
			isa = PBXGroup;
			children = (
				C44C0D561D7533E30050A648 /* RAMRotationAnimation.swift */,
			);
			path = RotationAnimation;
			sourceTree = "<group>";
		};
		C44C0D571D7533E30050A648 /* TransitionAniamtions */ = {
			isa = PBXGroup;
			children = (
				C44C0D581D7533E30050A648 /* RAMTransitionItemAnimations.swift */,
			);
			path = TransitionAniamtions;
			sourceTree = "<group>";
		};
		C44C0D5A1D7533E30050A648 /* RAMBadge */ = {
			isa = PBXGroup;
			children = (
				C44C0D5B1D7533E30050A648 /* RAMBadge.swift */,
			);
			path = RAMBadge;
			sourceTree = "<group>";
		};
		C44C0D651D7553790050A648 /* Home */ = {
			isa = PBXGroup;
			children = (
				C44C0D6C1D7555370050A648 /* HomeViewCOntroller.swift */,
				C44C0D9A1D76BBAF0050A648 /* HomeModel.swift */,
				C44C0D7A1D758BF80050A648 /* HomeTableViewCell.swift */,
				C4AD60B31D76E63F00091BCC /* PlayerLiveViewController.swift */,
			);
			path = Home;
			sourceTree = "<group>";
		};
		C44C0D671D7554210050A648 /* Live */ = {
			isa = PBXGroup;
			children = (
				C44C0D721D757C720050A648 /* LiveViewCOntroller.swift */,
			);
			path = Live;
			sourceTree = "<group>";
		};
		C44C0D681D75546B0050A648 /* My */ = {
			isa = PBXGroup;
			children = (
				C44C0D741D757C880050A648 /* MyViewController.swift */,
			);
			path = My;
			sourceTree = "<group>";
		};
		C44C0D691D7554B40050A648 /* Superclass */ = {
			isa = PBXGroup;
			children = (
				C44C0D781D757FEF0050A648 /* BasicViewController.swift */,
			);
			path = Superclass;
			sourceTree = "<group>";
		};
		C44C0D7E1D768C6A0050A648 /* Tool */ = {
			isa = PBXGroup;
			children = (
				C44C0D831D76B5960050A648 /* NetWork.swift */,
			);
			path = Tool;
			sourceTree = "<group>";
		};
		C44C0D851D76BB8B0050A648 /* Reflect */ = {
			isa = PBXGroup;
			children = (
				C44C0D861D76BB8C0050A648 /* Coding */,
				C44C0D881D76BB8C0050A648 /* Dict2Model */,
				C44C0D8A1D76BB8C0050A648 /* Model2Dict */,
				C44C0D8C1D76BB8C0050A648 /* Reflect */,
				C44C0D911D76BB8C0050A648 /* Reflect.swift */,
			);
			path = Reflect;
			sourceTree = "<group>";
		};
		C44C0D861D76BB8C0050A648 /* Coding */ = {
			isa = PBXGroup;
			children = (
				C44C0D871D76BB8C0050A648 /* Reflect+ArcFile.swift */,
			);
			path = Coding;
			sourceTree = "<group>";
		};
		C44C0D881D76BB8C0050A648 /* Dict2Model */ = {
			isa = PBXGroup;
			children = (
				C44C0D891D76BB8C0050A648 /* Reflect+Parse.swift */,
			);
			path = Dict2Model;
			sourceTree = "<group>";
		};
		C44C0D8A1D76BB8C0050A648 /* Model2Dict */ = {
			isa = PBXGroup;
			children = (
				C44C0D8B1D76BB8C0050A648 /* Reflect+Convert.swift */,
			);
			path = Model2Dict;
			sourceTree = "<group>";
		};
		C44C0D8C1D76BB8C0050A648 /* Reflect */ = {
			isa = PBXGroup;
			children = (
				C44C0D8D1D76BB8C0050A648 /* Reflect+Class.swift */,
				C44C0D8E1D76BB8C0050A648 /* Reflect+Other.swift */,
				C44C0D8F1D76BB8C0050A648 /* Reflect+Property.swift */,
				C44C0D901D76BB8C0050A648 /* Reflect+Type.swift */,
			);
			path = Reflect;
			sourceTree = "<group>";
		};
		C48907AE1D7430DC00B9B0DB = {
			isa = PBXGroup;
			children = (
				C48907B91D7430DC00B9B0DB /* LKLiveTool */,
				C48907CE1D7430DC00B9B0DB /* LKLiveToolTests */,
				C48907D91D7430DC00B9B0DB /* LKLiveToolUITests */,
				C48907B81D7430DC00B9B0DB /* Products */,
			);
			sourceTree = "<group>";
		};
		C48907B81D7430DC00B9B0DB /* Products */ = {
			isa = PBXGroup;
			children = (
				C48907B71D7430DC00B9B0DB /* LKLiveTool.app */,
				C48907CB1D7430DC00B9B0DB /* LKLiveToolTests.xctest */,
				C48907D61D7430DC00B9B0DB /* LKLiveToolUITests.xctest */,
			);
			name = Products;
			sourceTree = "<group>";
		};
		C48907B91D7430DC00B9B0DB /* LKLiveTool */ = {
			isa = PBXGroup;
			children = (
				C44C0D7E1D768C6A0050A648 /* Tool */,
				C44C0D691D7554B40050A648 /* Superclass */,
				C44C0D4C1D744DB00050A648 /* Resource */,
				C44C0D0D1D7446760050A648 /* Header */,
				C48907F11D74393B00B9B0DB /* Root */,
				C48907F01D74374500B9B0DB /* Extension */,
				C48907E91D7431AC00B9B0DB /* Main */,
				C48907E81D74319700B9B0DB /* Vender */,
			);
			path = LKLiveTool;
			sourceTree = "<group>";
		};
		C48907CE1D7430DC00B9B0DB /* LKLiveToolTests */ = {
			isa = PBXGroup;
			children = (
				C48907CF1D7430DC00B9B0DB /* LKLiveToolTests.swift */,
				C48907D11D7430DC00B9B0DB /* Info.plist */,
			);
			path = LKLiveToolTests;
			sourceTree = "<group>";
		};
		C48907D91D7430DC00B9B0DB /* LKLiveToolUITests */ = {
			isa = PBXGroup;
			children = (
				C48907DA1D7430DC00B9B0DB /* LKLiveToolUITests.swift */,
				C48907DC1D7430DC00B9B0DB /* Info.plist */,
			);
			path = LKLiveToolUITests;
			sourceTree = "<group>";
		};
		C48907E81D74319700B9B0DB /* Vender */ = {
			isa = PBXGroup;
			children = (
				C4AD60BB1D7806BD00091BCC /* libz.tbd */,
				C4AD60B51D7803C600091BCC /* IJKMediaFramework.framework */,
				C44C0D851D76BB8B0050A648 /* Reflect */,
				C44C0D4D1D7533E30050A648 /* RAMAnimatedTabBarController */,
				C44C0D411D744D300050A648 /* DGElasticPullToRefresh */,
				C44C0D101D7448BB0050A648 /* Kingfisher.xcodeproj */,
				C44C0CF01D7443E00050A648 /* SnapKit.xcodeproj */,
				C44C0CD31D7442C80050A648 /* Alamofire.xcodeproj */,
			);
			path = Vender;
			sourceTree = "<group>";
		};
		C48907E91D7431AC00B9B0DB /* Main */ = {
			isa = PBXGroup;
			children = (
				C44C0D681D75546B0050A648 /* My */,
				C44C0D671D7554210050A648 /* Live */,
				C44C0D651D7553790050A648 /* Home */,
			);
			path = Main;
			sourceTree = "<group>";
		};
		C48907F01D74374500B9B0DB /* Extension */ = {
			isa = PBXGroup;
			children = (
				C44C0D811D76A94F0050A648 /* UIColor+HEX.swift */,
			);
			path = Extension;
			sourceTree = "<group>";
		};
		C48907F11D74393B00B9B0DB /* Root */ = {
			isa = PBXGroup;
			children = (
				C48907C61D7430DC00B9B0DB /* Info.plist */,
				C48907C31D7430DC00B9B0DB /* LaunchScreen.storyboard */,
				C48907BE1D7430DC00B9B0DB /* Main.storyboard */,
				C48907BA1D7430DC00B9B0DB /* AppDelegate.swift */,
				C44C0D761D757F940050A648 /* MainTabBarController.swift */,
				C4AD60B11D76D9D700091BCC /* MainNavigationViewController.swift */,
			);
			path = Root;
			sourceTree = "<group>";
		};
/* End PBXGroup section */

/* Begin PBXNativeTarget section */
		C48907B61D7430DC00B9B0DB /* LKLiveTool */ = {
			isa = PBXNativeTarget;
			buildConfigurationList = C48907DF1D7430DC00B9B0DB /* Build configuration list for PBXNativeTarget "LKLiveTool" */;
			buildPhases = (
				C48907B31D7430DC00B9B0DB /* Sources */,
				C48907B41D7430DC00B9B0DB /* Frameworks */,
				C48907B51D7430DC00B9B0DB /* Resources */,
				C44C0CD21D7442170050A648 /* Embed Frameworks */,
			);
			buildRules = (
			);
			dependencies = (
				C44C0CEF1D7442F70050A648 /* PBXTargetDependency */,
				C44C0D0B1D7443F80050A648 /* PBXTargetDependency */,
				C44C0D3A1D7448DE0050A648 /* PBXTargetDependency */,
			);
			name = LKLiveTool;
			productName = LKLiveTool;
			productReference = C48907B71D7430DC00B9B0DB /* LKLiveTool.app */;
			productType = "com.apple.product-type.application";
		};
		C48907CA1D7430DC00B9B0DB /* LKLiveToolTests */ = {
			isa = PBXNativeTarget;
			buildConfigurationList = C48907E21D7430DC00B9B0DB /* Build configuration list for PBXNativeTarget "LKLiveToolTests" */;
			buildPhases = (
				C48907C71D7430DC00B9B0DB /* Sources */,
				C48907C81D7430DC00B9B0DB /* Frameworks */,
				C48907C91D7430DC00B9B0DB /* Resources */,
			);
			buildRules = (
			);
			dependencies = (
				C48907CD1D7430DC00B9B0DB /* PBXTargetDependency */,
			);
			name = LKLiveToolTests;
			productName = LKLiveToolTests;
			productReference = C48907CB1D7430DC00B9B0DB /* LKLiveToolTests.xctest */;
			productType = "com.apple.product-type.bundle.unit-test";
		};
		C48907D51D7430DC00B9B0DB /* LKLiveToolUITests */ = {
			isa = PBXNativeTarget;
			buildConfigurationList = C48907E51D7430DC00B9B0DB /* Build configuration list for PBXNativeTarget "LKLiveToolUITests" */;
			buildPhases = (
				C48907D21D7430DC00B9B0DB /* Sources */,
				C48907D31D7430DC00B9B0DB /* Frameworks */,
				C48907D41D7430DC00B9B0DB /* Resources */,
			);
			buildRules = (
			);
			dependencies = (
				C48907D81D7430DC00B9B0DB /* PBXTargetDependency */,
			);
			name = LKLiveToolUITests;
			productName = LKLiveToolUITests;
			productReference = C48907D61D7430DC00B9B0DB /* LKLiveToolUITests.xctest */;
			productType = "com.apple.product-type.bundle.ui-testing";
		};
/* End PBXNativeTarget section */

/* Begin PBXProject section */
		C48907AF1D7430DC00B9B0DB /* Project object */ = {
			isa = PBXProject;
			attributes = {
				LastSwiftUpdateCheck = 0730;
				LastUpgradeCheck = 0730;
				ORGANIZATIONNAME = LK;
				TargetAttributes = {
					C48907B61D7430DC00B9B0DB = {
						CreatedOnToolsVersion = 7.3.1;
					};
					C48907CA1D7430DC00B9B0DB = {
						CreatedOnToolsVersion = 7.3.1;
						TestTargetID = C48907B61D7430DC00B9B0DB;
					};
					C48907D51D7430DC00B9B0DB = {
						CreatedOnToolsVersion = 7.3.1;
						TestTargetID = C48907B61D7430DC00B9B0DB;
					};
				};
			};
			buildConfigurationList = C48907B21D7430DC00B9B0DB /* Build configuration list for PBXProject "LKLiveTool" */;
			compatibilityVersion = "Xcode 3.2";
			developmentRegion = English;
			hasScannedForEncodings = 0;
			knownRegions = (
				en,
				Base,
			);
			mainGroup = C48907AE1D7430DC00B9B0DB;
			productRefGroup = C48907B81D7430DC00B9B0DB /* Products */;
			projectDirPath = "";
			projectReferences = (
				{
					ProductGroup = C44C0CD41D7442C80050A648 /* Products */;
					ProjectRef = C44C0CD31D7442C80050A648 /* Alamofire.xcodeproj */;
				},
				{
					ProductGroup = C44C0D111D7448BB0050A648 /* Products */;
					ProjectRef = C44C0D101D7448BB0050A648 /* Kingfisher.xcodeproj */;
				},
				{
					ProductGroup = C44C0CF11D7443E00050A648 /* Products */;
					ProjectRef = C44C0CF01D7443E00050A648 /* SnapKit.xcodeproj */;
				},
			);
			projectRoot = "";
			targets = (
				C48907B61D7430DC00B9B0DB /* LKLiveTool */,
				C48907CA1D7430DC00B9B0DB /* LKLiveToolTests */,
				C48907D51D7430DC00B9B0DB /* LKLiveToolUITests */,
			);
		};
/* End PBXProject section */

/* Begin PBXReferenceProxy section */
		C44C0CDF1D7442C80050A648 /* Alamofire.framework */ = {
			isa = PBXReferenceProxy;
			fileType = wrapper.framework;
			path = Alamofire.framework;
			remoteRef = C44C0CDE1D7442C80050A648 /* PBXContainerItemProxy */;
			sourceTree = BUILT_PRODUCTS_DIR;
		};
		C44C0CE11D7442C80050A648 /* Alamofire iOS Tests.xctest */ = {
			isa = PBXReferenceProxy;
			fileType = wrapper.cfbundle;
			path = "Alamofire iOS Tests.xctest";
			remoteRef = C44C0CE01D7442C80050A648 /* PBXContainerItemProxy */;
			sourceTree = BUILT_PRODUCTS_DIR;
		};
		C44C0CE31D7442C80050A648 /* Alamofire.framework */ = {
			isa = PBXReferenceProxy;
			fileType = wrapper.framework;
			path = Alamofire.framework;
			remoteRef = C44C0CE21D7442C80050A648 /* PBXContainerItemProxy */;
			sourceTree = BUILT_PRODUCTS_DIR;
		};
		C44C0CE51D7442C80050A648 /* Alamofire OSX Tests.xctest */ = {
			isa = PBXReferenceProxy;
			fileType = wrapper.cfbundle;
			path = "Alamofire OSX Tests.xctest";
			remoteRef = C44C0CE41D7442C80050A648 /* PBXContainerItemProxy */;
			sourceTree = BUILT_PRODUCTS_DIR;
		};
		C44C0CE71D7442C80050A648 /* Alamofire.framework */ = {
			isa = PBXReferenceProxy;
			fileType = wrapper.framework;
			path = Alamofire.framework;
			remoteRef = C44C0CE61D7442C80050A648 /* PBXContainerItemProxy */;
			sourceTree = BUILT_PRODUCTS_DIR;
		};
		C44C0CE91D7442C80050A648 /* Alamofire tvOS Tests.xctest */ = {
			isa = PBXReferenceProxy;
			fileType = wrapper.cfbundle;
			path = "Alamofire tvOS Tests.xctest";
			remoteRef = C44C0CE81D7442C80050A648 /* PBXContainerItemProxy */;
			sourceTree = BUILT_PRODUCTS_DIR;
		};
		C44C0CEB1D7442C80050A648 /* Alamofire.framework */ = {
			isa = PBXReferenceProxy;
			fileType = wrapper.framework;
			path = Alamofire.framework;
			remoteRef = C44C0CEA1D7442C80050A648 /* PBXContainerItemProxy */;
			sourceTree = BUILT_PRODUCTS_DIR;
		};
		C44C0CFB1D7443E00050A648 /* SnapKit.framework */ = {
			isa = PBXReferenceProxy;
			fileType = wrapper.framework;
			path = SnapKit.framework;
			remoteRef = C44C0CFA1D7443E00050A648 /* PBXContainerItemProxy */;
			sourceTree = BUILT_PRODUCTS_DIR;
		};
		C44C0CFD1D7443E00050A648 /* SnapKit.framework */ = {
			isa = PBXReferenceProxy;
			fileType = wrapper.framework;
			path = SnapKit.framework;
			remoteRef = C44C0CFC1D7443E00050A648 /* PBXContainerItemProxy */;
			sourceTree = BUILT_PRODUCTS_DIR;
		};
		C44C0CFF1D7443E00050A648 /* SnapKit.framework */ = {
			isa = PBXReferenceProxy;
			fileType = wrapper.framework;
			path = SnapKit.framework;
			remoteRef = C44C0CFE1D7443E00050A648 /* PBXContainerItemProxy */;
			sourceTree = BUILT_PRODUCTS_DIR;
		};
		C44C0D011D7443E00050A648 /* SnapKit iOS Tests.xctest */ = {
			isa = PBXReferenceProxy;
			fileType = wrapper.cfbundle;
			path = "SnapKit iOS Tests.xctest";
			remoteRef = C44C0D001D7443E00050A648 /* PBXContainerItemProxy */;
			sourceTree = BUILT_PRODUCTS_DIR;
		};
		C44C0D031D7443E00050A648 /* SnapKit tvOS Tests.xctest */ = {
			isa = PBXReferenceProxy;
			fileType = wrapper.cfbundle;
			path = "SnapKit tvOS Tests.xctest";
			remoteRef = C44C0D021D7443E00050A648 /* PBXContainerItemProxy */;
			sourceTree = BUILT_PRODUCTS_DIR;
		};
		C44C0D051D7443E00050A648 /* SnapKit OSX Tests.xctest */ = {
			isa = PBXReferenceProxy;
			fileType = wrapper.cfbundle;
			path = "SnapKit OSX Tests.xctest";
			remoteRef = C44C0D041D7443E00050A648 /* PBXContainerItemProxy */;
			sourceTree = BUILT_PRODUCTS_DIR;
		};
		C44C0D071D7443E00050A648 /* Example-iOS.app */ = {
			isa = PBXReferenceProxy;
			fileType = wrapper.application;
			path = "Example-iOS.app";
			remoteRef = C44C0D061D7443E00050A648 /* PBXContainerItemProxy */;
			sourceTree = BUILT_PRODUCTS_DIR;
		};
		C44C0D201D7448BB0050A648 /* Kingfisher.framework */ = {
			isa = PBXReferenceProxy;
			fileType = wrapper.framework;
			path = Kingfisher.framework;
			remoteRef = C44C0D1F1D7448BB0050A648 /* PBXContainerItemProxy */;
			sourceTree = BUILT_PRODUCTS_DIR;
		};
		C44C0D221D7448BB0050A648 /* Kingfisher.framework */ = {
			isa = PBXReferenceProxy;
			fileType = wrapper.framework;
			path = Kingfisher.framework;
			remoteRef = C44C0D211D7448BB0050A648 /* PBXContainerItemProxy */;
			sourceTree = BUILT_PRODUCTS_DIR;
		};
		C44C0D241D7448BB0050A648 /* Kingfisher.framework */ = {
			isa = PBXReferenceProxy;
			fileType = wrapper.framework;
			path = Kingfisher.framework;
			remoteRef = C44C0D231D7448BB0050A648 /* PBXContainerItemProxy */;
			sourceTree = BUILT_PRODUCTS_DIR;
		};
		C44C0D261D7448BB0050A648 /* Kingfisher.framework */ = {
			isa = PBXReferenceProxy;
			fileType = wrapper.framework;
			path = Kingfisher.framework;
			remoteRef = C44C0D251D7448BB0050A648 /* PBXContainerItemProxy */;
			sourceTree = BUILT_PRODUCTS_DIR;
		};
		C44C0D281D7448BB0050A648 /* Kingfisher-Demo.app */ = {
			isa = PBXReferenceProxy;
			fileType = wrapper.application;
			path = "Kingfisher-Demo.app";
			remoteRef = C44C0D271D7448BB0050A648 /* PBXContainerItemProxy */;
			sourceTree = BUILT_PRODUCTS_DIR;
		};
		C44C0D2A1D7448BB0050A648 /* Kingfisher-tvOS-Demo.app */ = {
			isa = PBXReferenceProxy;
			fileType = wrapper.application;
			path = "Kingfisher-tvOS-Demo.app";
			remoteRef = C44C0D291D7448BB0050A648 /* PBXContainerItemProxy */;
			sourceTree = BUILT_PRODUCTS_DIR;
		};
		C44C0D2C1D7448BB0050A648 /* Kingfisher-OSX-Demo.app */ = {
			isa = PBXReferenceProxy;
			fileType = wrapper.application;
			path = "Kingfisher-OSX-Demo.app";
			remoteRef = C44C0D2B1D7448BB0050A648 /* PBXContainerItemProxy */;
			sourceTree = BUILT_PRODUCTS_DIR;
		};
		C44C0D2E1D7448BB0050A648 /* Kingfisher-watchOS-Demo.app */ = {
			isa = PBXReferenceProxy;
			fileType = wrapper.application;
			path = "Kingfisher-watchOS-Demo.app";
			remoteRef = C44C0D2D1D7448BB0050A648 /* PBXContainerItemProxy */;
			sourceTree = BUILT_PRODUCTS_DIR;
		};
		C44C0D301D7448BB0050A648 /* Kingfisher-watchOS-Demo Extension.appex */ = {
			isa = PBXReferenceProxy;
			fileType = "wrapper.app-extension";
			path = "Kingfisher-watchOS-Demo Extension.appex";
			remoteRef = C44C0D2F1D7448BB0050A648 /* PBXContainerItemProxy */;
			sourceTree = BUILT_PRODUCTS_DIR;
		};
		C44C0D321D7448BB0050A648 /* KingfisherTests.xctest */ = {
			isa = PBXReferenceProxy;
			fileType = wrapper.cfbundle;
			path = KingfisherTests.xctest;
			remoteRef = C44C0D311D7448BB0050A648 /* PBXContainerItemProxy */;
			sourceTree = BUILT_PRODUCTS_DIR;
		};
		C44C0D341D7448BB0050A648 /* KingfisherTests-tvOS.xctest */ = {
			isa = PBXReferenceProxy;
			fileType = wrapper.cfbundle;
			path = "KingfisherTests-tvOS.xctest";
			remoteRef = C44C0D331D7448BB0050A648 /* PBXContainerItemProxy */;
			sourceTree = BUILT_PRODUCTS_DIR;
		};
		C44C0D361D7448BB0050A648 /* KingfisherTests-OSX.xctest */ = {
			isa = PBXReferenceProxy;
			fileType = wrapper.cfbundle;
			path = "KingfisherTests-OSX.xctest";
			remoteRef = C44C0D351D7448BB0050A648 /* PBXContainerItemProxy */;
			sourceTree = BUILT_PRODUCTS_DIR;
		};
/* End PBXReferenceProxy section */

/* Begin PBXResourcesBuildPhase section */
		C48907B51D7430DC00B9B0DB /* Resources */ = {
			isa = PBXResourcesBuildPhase;
			buildActionMask = 2147483647;
			files = (
				C48907C51D7430DC00B9B0DB /* LaunchScreen.storyboard in Resources */,
				C48907C21D7430DC00B9B0DB /* Assets.xcassets in Resources */,
				C48907C01D7430DC00B9B0DB /* Main.storyboard in Resources */,
			);
			runOnlyForDeploymentPostprocessing = 0;
		};
		C48907C91D7430DC00B9B0DB /* Resources */ = {
			isa = PBXResourcesBuildPhase;
			buildActionMask = 2147483647;
			files = (
			);
			runOnlyForDeploymentPostprocessing = 0;
		};
		C48907D41D7430DC00B9B0DB /* Resources */ = {
			isa = PBXResourcesBuildPhase;
			buildActionMask = 2147483647;
			files = (
			);
			runOnlyForDeploymentPostprocessing = 0;
		};
/* End PBXResourcesBuildPhase section */

/* Begin PBXSourcesBuildPhase section */
		C48907B31D7430DC00B9B0DB /* Sources */ = {
			isa = PBXSourcesBuildPhase;
			buildActionMask = 2147483647;
			files = (
				C44C0D5F1D7533E30050A648 /* RAMFumeAnimation.swift in Sources */,
				C44C0D791D757FEF0050A648 /* BasicViewController.swift in Sources */,
				C44C0D471D744D300050A648 /* DGElasticPullToRefreshConstants.swift in Sources */,
				C44C0D771D757F940050A648 /* MainTabBarController.swift in Sources */,
				C44C0D9B1D76BBAF0050A648 /* HomeModel.swift in Sources */,
				C4AD60B21D76D9D700091BCC /* MainNavigationViewController.swift in Sources */,
				C44C0D931D76BB8C0050A648 /* Reflect+Parse.swift in Sources */,
				C44C0D731D757C720050A648 /* LiveViewCOntroller.swift in Sources */,
				C4AD60981D76D7B500091BCC /* commonHeader.swift in Sources */,
				C44C0D621D7533E30050A648 /* RAMAnimatedTabBarController.swift in Sources */,
				C44C0D951D76BB8C0050A648 /* Reflect+Class.swift in Sources */,
				C44C0D0F1D7446A40050A648 /* ImportHeader.swift in Sources */,
				C44C0D601D7533E30050A648 /* RAMRotationAnimation.swift in Sources */,
				C44C0D4B1D744D300050A648 /* DGElasticPullToRefreshView.swift in Sources */,
				C44C0D981D76BB8C0050A648 /* Reflect+Type.swift in Sources */,
				C44C0D7B1D758BF80050A648 /* HomeTableViewCell.swift in Sources */,
				C44C0D991D76BB8C0050A648 /* Reflect.swift in Sources */,
				C44C0D751D757C880050A648 /* MyViewController.swift in Sources */,
				C44C0D631D7533E30050A648 /* RAMBadge.swift in Sources */,
				C44C0D6D1D7555370050A648 /* HomeViewCOntroller.swift in Sources */,
				C44C0D491D744D300050A648 /* DGElasticPullToRefreshLoadingView.swift in Sources */,
				C44C0D4A1D744D300050A648 /* DGElasticPullToRefreshLoadingViewCircle.swift in Sources */,
				C44C0D821D76A94F0050A648 /* UIColor+HEX.swift in Sources */,
				C48907BB1D7430DC00B9B0DB /* AppDelegate.swift in Sources */,
				C44C0D481D744D300050A648 /* DGElasticPullToRefreshExtensions.swift in Sources */,
				C44C0D5E1D7533E30050A648 /* RAMFrameItemAnimation.swift in Sources */,
				C44C0D5D1D7533E30050A648 /* RAMBounceAnimation.swift in Sources */,
				C4AD60B41D76E63F00091BCC /* PlayerLiveViewController.swift in Sources */,
				C44C0D611D7533E30050A648 /* RAMTransitionItemAnimations.swift in Sources */,
				C44C0D641D7533E30050A648 /* RAMItemAnimationProtocol.swift in Sources */,
				C44C0D971D76BB8C0050A648 /* Reflect+Property.swift in Sources */,
				C44C0D961D76BB8C0050A648 /* Reflect+Other.swift in Sources */,
				C44C0D941D76BB8C0050A648 /* Reflect+Convert.swift in Sources */,
				C44C0D921D76BB8C0050A648 /* Reflect+ArcFile.swift in Sources */,
				C44C0D841D76B5960050A648 /* NetWork.swift in Sources */,
			);
			runOnlyForDeploymentPostprocessing = 0;
		};
		C48907C71D7430DC00B9B0DB /* Sources */ = {
			isa = PBXSourcesBuildPhase;
			buildActionMask = 2147483647;
			files = (
				C48907D01D7430DC00B9B0DB /* LKLiveToolTests.swift in Sources */,
			);
			runOnlyForDeploymentPostprocessing = 0;
		};
		C48907D21D7430DC00B9B0DB /* Sources */ = {
			isa = PBXSourcesBuildPhase;
			buildActionMask = 2147483647;
			files = (
				C48907DB1D7430DC00B9B0DB /* LKLiveToolUITests.swift in Sources */,
			);
			runOnlyForDeploymentPostprocessing = 0;
		};
/* End PBXSourcesBuildPhase section */

/* Begin PBXTargetDependency section */
		C44C0CEF1D7442F70050A648 /* PBXTargetDependency */ = {
			isa = PBXTargetDependency;
			name = "Alamofire iOS";
			targetProxy = C44C0CEE1D7442F70050A648 /* PBXContainerItemProxy */;
		};
		C44C0D0B1D7443F80050A648 /* PBXTargetDependency */ = {
			isa = PBXTargetDependency;
			name = "SnapKit iOS";
			targetProxy = C44C0D0A1D7443F80050A648 /* PBXContainerItemProxy */;
		};
		C44C0D3A1D7448DE0050A648 /* PBXTargetDependency */ = {
			isa = PBXTargetDependency;
			name = "Kingfisher-iOS";
			targetProxy = C44C0D391D7448DE0050A648 /* PBXContainerItemProxy */;
		};
		C48907CD1D7430DC00B9B0DB /* PBXTargetDependency */ = {
			isa = PBXTargetDependency;
			target = C48907B61D7430DC00B9B0DB /* LKLiveTool */;
			targetProxy = C48907CC1D7430DC00B9B0DB /* PBXContainerItemProxy */;
		};
		C48907D81D7430DC00B9B0DB /* PBXTargetDependency */ = {
			isa = PBXTargetDependency;
			target = C48907B61D7430DC00B9B0DB /* LKLiveTool */;
			targetProxy = C48907D71D7430DC00B9B0DB /* PBXContainerItemProxy */;
		};
/* End PBXTargetDependency section */

/* Begin PBXVariantGroup section */
		C48907BE1D7430DC00B9B0DB /* Main.storyboard */ = {
			isa = PBXVariantGroup;
			children = (
				C48907BF1D7430DC00B9B0DB /* Base */,
			);
			name = Main.storyboard;
			path = ..;
			sourceTree = "<group>";
		};
		C48907C31D7430DC00B9B0DB /* LaunchScreen.storyboard */ = {
			isa = PBXVariantGroup;
			children = (
				C48907C41D7430DC00B9B0DB /* Base */,
			);
			name = LaunchScreen.storyboard;
			path = ..;
			sourceTree = "<group>";
		};
/* End PBXVariantGroup section */

/* Begin XCBuildConfiguration section */
		C48907DD1D7430DC00B9B0DB /* Debug */ = {
			isa = XCBuildConfiguration;
			buildSettings = {
				ALWAYS_SEARCH_USER_PATHS = NO;
				CLANG_ANALYZER_NONNULL = YES;
				CLANG_CXX_LANGUAGE_STANDARD = "gnu++0x";
				CLANG_CXX_LIBRARY = "libc++";
				CLANG_ENABLE_MODULES = YES;
				CLANG_ENABLE_OBJC_ARC = YES;
				CLANG_WARN_BOOL_CONVERSION = YES;
				CLANG_WARN_CONSTANT_CONVERSION = YES;
				CLANG_WARN_DIRECT_OBJC_ISA_USAGE = YES_ERROR;
				CLANG_WARN_EMPTY_BODY = YES;
				CLANG_WARN_ENUM_CONVERSION = YES;
				CLANG_WARN_INT_CONVERSION = YES;
				CLANG_WARN_OBJC_ROOT_CLASS = YES_ERROR;
				CLANG_WARN_UNREACHABLE_CODE = YES;
				CLANG_WARN__DUPLICATE_METHOD_MATCH = YES;
				"CODE_SIGN_IDENTITY[sdk=iphoneos*]" = "iPhone Developer";
				COPY_PHASE_STRIP = NO;
				DEBUG_INFORMATION_FORMAT = dwarf;
				ENABLE_STRICT_OBJC_MSGSEND = YES;
				ENABLE_TESTABILITY = YES;
				GCC_C_LANGUAGE_STANDARD = gnu99;
				GCC_DYNAMIC_NO_PIC = NO;
				GCC_NO_COMMON_BLOCKS = YES;
				GCC_OPTIMIZATION_LEVEL = 0;
				GCC_PREPROCESSOR_DEFINITIONS = (
					"DEBUG=1",
					"$(inherited)",
				);
				GCC_WARN_64_TO_32_BIT_CONVERSION = YES;
				GCC_WARN_ABOUT_RETURN_TYPE = YES_ERROR;
				GCC_WARN_UNDECLARED_SELECTOR = YES;
				GCC_WARN_UNINITIALIZED_AUTOS = YES_AGGRESSIVE;
				GCC_WARN_UNUSED_FUNCTION = YES;
				GCC_WARN_UNUSED_VARIABLE = YES;
				IPHONEOS_DEPLOYMENT_TARGET = 9.3;
				MTL_ENABLE_DEBUG_INFO = YES;
				ONLY_ACTIVE_ARCH = YES;
				SDKROOT = iphoneos;
				SWIFT_OPTIMIZATION_LEVEL = "-Onone";
				TARGETED_DEVICE_FAMILY = "1,2";
			};
			name = Debug;
		};
		C48907DE1D7430DC00B9B0DB /* Release */ = {
			isa = XCBuildConfiguration;
			buildSettings = {
				ALWAYS_SEARCH_USER_PATHS = NO;
				CLANG_ANALYZER_NONNULL = YES;
				CLANG_CXX_LANGUAGE_STANDARD = "gnu++0x";
				CLANG_CXX_LIBRARY = "libc++";
				CLANG_ENABLE_MODULES = YES;
				CLANG_ENABLE_OBJC_ARC = YES;
				CLANG_WARN_BOOL_CONVERSION = YES;
				CLANG_WARN_CONSTANT_CONVERSION = YES;
				CLANG_WARN_DIRECT_OBJC_ISA_USAGE = YES_ERROR;
				CLANG_WARN_EMPTY_BODY = YES;
				CLANG_WARN_ENUM_CONVERSION = YES;
				CLANG_WARN_INT_CONVERSION = YES;
				CLANG_WARN_OBJC_ROOT_CLASS = YES_ERROR;
				CLANG_WARN_UNREACHABLE_CODE = YES;
				CLANG_WARN__DUPLICATE_METHOD_MATCH = YES;
				"CODE_SIGN_IDENTITY[sdk=iphoneos*]" = "iPhone Developer";
				COPY_PHASE_STRIP = NO;
				DEBUG_INFORMATION_FORMAT = "dwarf-with-dsym";
				ENABLE_NS_ASSERTIONS = NO;
				ENABLE_STRICT_OBJC_MSGSEND = YES;
				GCC_C_LANGUAGE_STANDARD = gnu99;
				GCC_NO_COMMON_BLOCKS = YES;
				GCC_WARN_64_TO_32_BIT_CONVERSION = YES;
				GCC_WARN_ABOUT_RETURN_TYPE = YES_ERROR;
				GCC_WARN_UNDECLARED_SELECTOR = YES;
				GCC_WARN_UNINITIALIZED_AUTOS = YES_AGGRESSIVE;
				GCC_WARN_UNUSED_FUNCTION = YES;
				GCC_WARN_UNUSED_VARIABLE = YES;
				IPHONEOS_DEPLOYMENT_TARGET = 9.3;
				MTL_ENABLE_DEBUG_INFO = NO;
				SDKROOT = iphoneos;
				TARGETED_DEVICE_FAMILY = "1,2";
				VALIDATE_PRODUCT = YES;
			};
			name = Release;
		};
		C48907E01D7430DC00B9B0DB /* Debug */ = {
			isa = XCBuildConfiguration;
			buildSettings = {
				ASSETCATALOG_COMPILER_APPICON_NAME = AppIcon;
				CLANG_ENABLE_MODULES = YES;
				"CODE_SIGN_IDENTITY[sdk=iphoneos*]" = "iPhone Developer: jiang jiayi (SHX74297A2)";
				EMBEDDED_CONTENT_CONTAINS_SWIFT = YES;
				FRAMEWORK_SEARCH_PATHS = (
					"$(inherited)",
					"$(PROJECT_DIR)/LKLiveTool/Vender",
				);
				INFOPLIST_FILE = LKLiveTool/Info.plist;
				IPHONEOS_DEPLOYMENT_TARGET = 8.0;
				LD_RUNPATH_SEARCH_PATHS = "$(inherited) @executable_path/Frameworks";
				OTHER_SWIFT_FLAGS = "-D DEBUG";
				PRODUCT_BUNDLE_IDENTIFIER = com.lk.LKLiveTool;
				PRODUCT_NAME = "$(TARGET_NAME)";
				SWIFT_OBJC_BRIDGING_HEADER = "LKLiveTool/Main/Home/LKLiveTool-Bridging-Header.h";
				SWIFT_OPTIMIZATION_LEVEL = "-Onone";
			};
			name = Debug;
		};
		C48907E11D7430DC00B9B0DB /* Release */ = {
			isa = XCBuildConfiguration;
			buildSettings = {
				ASSETCATALOG_COMPILER_APPICON_NAME = AppIcon;
				CLANG_ENABLE_MODULES = YES;
				"CODE_SIGN_IDENTITY[sdk=iphoneos*]" = "iPhone Developer: jiang jiayi (SHX74297A2)";
				EMBEDDED_CONTENT_CONTAINS_SWIFT = YES;
				FRAMEWORK_SEARCH_PATHS = (
					"$(inherited)",
					"$(PROJECT_DIR)/LKLiveTool/Vender",
				);
				INFOPLIST_FILE = LKLiveTool/Info.plist;
				IPHONEOS_DEPLOYMENT_TARGET = 8.0;
				LD_RUNPATH_SEARCH_PATHS = "$(inherited) @executable_path/Frameworks";
				PRODUCT_BUNDLE_IDENTIFIER = com.lk.LKLiveTool;
				PRODUCT_NAME = "$(TARGET_NAME)";
				SWIFT_OBJC_BRIDGING_HEADER = "LKLiveTool/Main/Home/LKLiveTool-Bridging-Header.h";
			};
			name = Release;
		};
		C48907E31D7430DC00B9B0DB /* Debug */ = {
			isa = XCBuildConfiguration;
			buildSettings = {
				BUNDLE_LOADER = "$(TEST_HOST)";
				INFOPLIST_FILE = LKLiveToolTests/Info.plist;
				LD_RUNPATH_SEARCH_PATHS = "$(inherited) @executable_path/Frameworks @loader_path/Frameworks";
				PRODUCT_BUNDLE_IDENTIFIER = com.lk.LKLiveToolTests;
				PRODUCT_NAME = "$(TARGET_NAME)";
				TEST_HOST = "$(BUILT_PRODUCTS_DIR)/LKLiveTool.app/LKLiveTool";
			};
			name = Debug;
		};
		C48907E41D7430DC00B9B0DB /* Release */ = {
			isa = XCBuildConfiguration;
			buildSettings = {
				BUNDLE_LOADER = "$(TEST_HOST)";
				INFOPLIST_FILE = LKLiveToolTests/Info.plist;
				LD_RUNPATH_SEARCH_PATHS = "$(inherited) @executable_path/Frameworks @loader_path/Frameworks";
				PRODUCT_BUNDLE_IDENTIFIER = com.lk.LKLiveToolTests;
				PRODUCT_NAME = "$(TARGET_NAME)";
				TEST_HOST = "$(BUILT_PRODUCTS_DIR)/LKLiveTool.app/LKLiveTool";
			};
			name = Release;
		};
		C48907E61D7430DC00B9B0DB /* Debug */ = {
			isa = XCBuildConfiguration;
			buildSettings = {
				INFOPLIST_FILE = LKLiveToolUITests/Info.plist;
				LD_RUNPATH_SEARCH_PATHS = "$(inherited) @executable_path/Frameworks @loader_path/Frameworks";
				PRODUCT_BUNDLE_IDENTIFIER = com.lk.LKLiveToolUITests;
				PRODUCT_NAME = "$(TARGET_NAME)";
				TEST_TARGET_NAME = LKLiveTool;
			};
			name = Debug;
		};
		C48907E71D7430DC00B9B0DB /* Release */ = {
			isa = XCBuildConfiguration;
			buildSettings = {
				INFOPLIST_FILE = LKLiveToolUITests/Info.plist;
				LD_RUNPATH_SEARCH_PATHS = "$(inherited) @executable_path/Frameworks @loader_path/Frameworks";
				PRODUCT_BUNDLE_IDENTIFIER = com.lk.LKLiveToolUITests;
				PRODUCT_NAME = "$(TARGET_NAME)";
				TEST_TARGET_NAME = LKLiveTool;
			};
			name = Release;
		};
/* End XCBuildConfiguration section */

/* Begin XCConfigurationList section */
		C48907B21D7430DC00B9B0DB /* Build configuration list for PBXProject "LKLiveTool" */ = {
			isa = XCConfigurationList;
			buildConfigurations = (
				C48907DD1D7430DC00B9B0DB /* Debug */,
				C48907DE1D7430DC00B9B0DB /* Release */,
			);
			defaultConfigurationIsVisible = 0;
			defaultConfigurationName = Release;
		};
		C48907DF1D7430DC00B9B0DB /* Build configuration list for PBXNativeTarget "LKLiveTool" */ = {
			isa = XCConfigurationList;
			buildConfigurations = (
				C48907E01D7430DC00B9B0DB /* Debug */,
				C48907E11D7430DC00B9B0DB /* Release */,
			);
			defaultConfigurationIsVisible = 0;
			defaultConfigurationName = Release;
		};
		C48907E21D7430DC00B9B0DB /* Build configuration list for PBXNativeTarget "LKLiveToolTests" */ = {
			isa = XCConfigurationList;
			buildConfigurations = (
				C48907E31D7430DC00B9B0DB /* Debug */,
				C48907E41D7430DC00B9B0DB /* Release */,
			);
			defaultConfigurationIsVisible = 0;
			defaultConfigurationName = Release;
		};
		C48907E51D7430DC00B9B0DB /* Build configuration list for PBXNativeTarget "LKLiveToolUITests" */ = {
			isa = XCConfigurationList;
			buildConfigurations = (
				C48907E61D7430DC00B9B0DB /* Debug */,
				C48907E71D7430DC00B9B0DB /* Release */,
			);
			defaultConfigurationIsVisible = 0;
			defaultConfigurationName = Release;
		};
/* End XCConfigurationList section */
	};
	rootObject = C48907AF1D7430DC00B9B0DB /* Project object */;
}
