// !$*UTF8*$!
{
	archiveVersion = 1;
	classes = {
	};
	objectVersion = 46;
	objects = {

/* Begin PBXBuildFile section */
		C44C0CEC1D7442F70050A648 /* Alamofire.framework in Frameworks */ = {isa = PBXBuildFile; fileRef = C44C0CDF1D7442C80050A648 /* Alamofire.framework */; };
		C44C0CED1D7442F70050A648 /* Alamofire.framework in Embed Frameworks */ = {isa = PBXBuildFile; fileRef = C44C0CDF1D7442C80050A648 /* Alamofire.framework */; settings = {ATTRIBUTES = (CodeSignOnCopy, RemoveHeadersOnCopy, ); }; };
		C44C0D081D7443F80050A648 /* SnapKit.framework in Frameworks */ = {isa = PBXBuildFile; fileRef = C44C0CFB1D7443E00050A648 /* SnapKit.framework */; };
		C44C0D091D7443F80050A648 /* SnapKit.framework in Embed Frameworks */ = {isa = PBXBuildFile; fileRef = C44C0CFB1D7443E00050A648 /* SnapKit.framework */; settings = {ATTRIBUTES = (CodeSignOnCopy, RemoveHeadersOnCopy, ); }; };
		C48907BB1D7430DC00B9B0DB /* AppDelegate.swift in Sources */ = {isa = PBXBuildFile; fileRef = C48907BA1D7430DC00B9B0DB /* AppDelegate.swift */; };
		C48907BD1D7430DC00B9B0DB /* ViewController.swift in Sources */ = {isa = PBXBuildFile; fileRef = C48907BC1D7430DC00B9B0DB /* ViewController.swift */; };
		C48907C01D7430DC00B9B0DB /* Main.storyboard in Resources */ = {isa = PBXBuildFile; fileRef = C48907BE1D7430DC00B9B0DB /* Main.storyboard */; };
		C48907C21D7430DC00B9B0DB /* Assets.xcassets in Resources */ = {isa = PBXBuildFile; fileRef = C48907C11D7430DC00B9B0DB /* Assets.xcassets */; };
		C48907C51D7430DC00B9B0DB /* LaunchScreen.storyboard in Resources */ = {isa = PBXBuildFile; fileRef = C48907C31D7430DC00B9B0DB /* LaunchScreen.storyboard */; };
		C48907D01D7430DC00B9B0DB /* LKLiveToolTests.swift in Sources */ = {isa = PBXBuildFile; fileRef = C48907CF1D7430DC00B9B0DB /* LKLiveToolTests.swift */; };
		C48907DB1D7430DC00B9B0DB /* LKLiveToolUITests.swift in Sources */ = {isa = PBXBuildFile; fileRef = C48907DA1D7430DC00B9B0DB /* LKLiveToolUITests.swift */; };
/* End PBXBuildFile section */

/* Begin PBXContainerItemProxy section */
		C44C0CDE1D7442C80050A648 /* PBXContainerItemProxy */ = {
			isa = PBXContainerItemProxy;
			containerPortal = C44C0CD31D7442C80050A648 /* Alamofire.xcodeproj */;
			proxyType = 2;
			remoteGlobalIDString = F8111E3319A95C8B0040E7D1;
			remoteInfo = "Alamofire iOS";
		};
		C44C0CE01D7442C80050A648 /* PBXContainerItemProxy */ = {
			isa = PBXContainerItemProxy;
			containerPortal = C44C0CD31D7442C80050A648 /* Alamofire.xcodeproj */;
			proxyType = 2;
			remoteGlobalIDString = F8111E3E19A95C8B0040E7D1;
			remoteInfo = "Alamofire iOS Tests";
		};
		C44C0CE21D7442C80050A648 /* PBXContainerItemProxy */ = {
			isa = PBXContainerItemProxy;
			containerPortal = C44C0CD31D7442C80050A648 /* Alamofire.xcodeproj */;
			proxyType = 2;
			remoteGlobalIDString = 4DD67C0B1A5C55C900ED2280;
			remoteInfo = "Alamofire OSX";
		};
		C44C0CE41D7442C80050A648 /* PBXContainerItemProxy */ = {
			isa = PBXContainerItemProxy;
			containerPortal = C44C0CD31D7442C80050A648 /* Alamofire.xcodeproj */;
			proxyType = 2;
			remoteGlobalIDString = F829C6B21A7A94F100A2CD59;
			remoteInfo = "Alamofire OSX Tests";
		};
		C44C0CE61D7442C80050A648 /* PBXContainerItemProxy */ = {
			isa = PBXContainerItemProxy;
			containerPortal = C44C0CD31D7442C80050A648 /* Alamofire.xcodeproj */;
			proxyType = 2;
			remoteGlobalIDString = 4CF626EF1BA7CB3E0011A099;
			remoteInfo = "Alamofire tvOS";
		};
		C44C0CE81D7442C80050A648 /* PBXContainerItemProxy */ = {
			isa = PBXContainerItemProxy;
			containerPortal = C44C0CD31D7442C80050A648 /* Alamofire.xcodeproj */;
			proxyType = 2;
			remoteGlobalIDString = 4CF626F81BA7CB3E0011A099;
			remoteInfo = "Alamofire tvOS Tests";
		};
		C44C0CEA1D7442C80050A648 /* PBXContainerItemProxy */ = {
			isa = PBXContainerItemProxy;
			containerPortal = C44C0CD31D7442C80050A648 /* Alamofire.xcodeproj */;
			proxyType = 2;
			remoteGlobalIDString = E4202FE01B667AA100C997FB;
			remoteInfo = "Alamofire watchOS";
		};
		C44C0CEE1D7442F70050A648 /* PBXContainerItemProxy */ = {
			isa = PBXContainerItemProxy;
			containerPortal = C44C0CD31D7442C80050A648 /* Alamofire.xcodeproj */;
			proxyType = 1;
			remoteGlobalIDString = F8111E3219A95C8B0040E7D1;
			remoteInfo = "Alamofire iOS";
		};
		C44C0CFA1D7443E00050A648 /* PBXContainerItemProxy */ = {
			isa = PBXContainerItemProxy;
			containerPortal = C44C0CF01D7443E00050A648 /* SnapKit.xcodeproj */;
			proxyType = 2;
			remoteGlobalIDString = EEBCC9D819CC627D0083B827;
			remoteInfo = "SnapKit iOS";
		};
		C44C0CFC1D7443E00050A648 /* PBXContainerItemProxy */ = {
			isa = PBXContainerItemProxy;
			containerPortal = C44C0CF01D7443E00050A648 /* SnapKit.xcodeproj */;
			proxyType = 2;
			remoteGlobalIDString = 537DCE921C35CC8800B5B899;
			remoteInfo = "SnapKit tvOS";
		};
		C44C0CFE1D7443E00050A648 /* PBXContainerItemProxy */ = {
			isa = PBXContainerItemProxy;
			containerPortal = C44C0CF01D7443E00050A648 /* SnapKit.xcodeproj */;
			proxyType = 2;
			remoteGlobalIDString = EECDB37A1AC0C9D4006BBC11;
			remoteInfo = "SnapKit OSX";
		};
		C44C0D001D7443E00050A648 /* PBXContainerItemProxy */ = {
			isa = PBXContainerItemProxy;
			containerPortal = C44C0CF01D7443E00050A648 /* SnapKit.xcodeproj */;
			proxyType = 2;
			remoteGlobalIDString = EEBCC9E219CC627E0083B827;
			remoteInfo = "SnapKit iOS Tests";
		};
		C44C0D021D7443E00050A648 /* PBXContainerItemProxy */ = {
			isa = PBXContainerItemProxy;
			containerPortal = C44C0CF01D7443E00050A648 /* SnapKit.xcodeproj */;
			proxyType = 2;
			remoteGlobalIDString = 537DCEAF1C35D90A00B5B899;
			remoteInfo = "SnapKit tvOS Tests";
		};
		C44C0D041D7443E00050A648 /* PBXContainerItemProxy */ = {
			isa = PBXContainerItemProxy;
			containerPortal = C44C0CF01D7443E00050A648 /* SnapKit.xcodeproj */;
			proxyType = 2;
			remoteGlobalIDString = EECDB3841AC0C9D4006BBC11;
			remoteInfo = "SnapKit OSX Tests";
		};
		C44C0D061D7443E00050A648 /* PBXContainerItemProxy */ = {
			isa = PBXContainerItemProxy;
			containerPortal = C44C0CF01D7443E00050A648 /* SnapKit.xcodeproj */;
			proxyType = 2;
			remoteGlobalIDString = 56A0DC091C859E30005973AB;
			remoteInfo = "Example-iOS";
		};
		C44C0D0A1D7443F80050A648 /* PBXContainerItemProxy */ = {
			isa = PBXContainerItemProxy;
			containerPortal = C44C0CF01D7443E00050A648 /* SnapKit.xcodeproj */;
			proxyType = 1;
			remoteGlobalIDString = EEBCC9D719CC627D0083B827;
			remoteInfo = "SnapKit iOS";
		};
		C48907CC1D7430DC00B9B0DB /* PBXContainerItemProxy */ = {
			isa = PBXContainerItemProxy;
			containerPortal = C48907AF1D7430DC00B9B0DB /* Project object */;
			proxyType = 1;
			remoteGlobalIDString = C48907B61D7430DC00B9B0DB;
			remoteInfo = LKLiveTool;
		};
		C48907D71D7430DC00B9B0DB /* PBXContainerItemProxy */ = {
			isa = PBXContainerItemProxy;
			containerPortal = C48907AF1D7430DC00B9B0DB /* Project object */;
			proxyType = 1;
			remoteGlobalIDString = C48907B61D7430DC00B9B0DB;
			remoteInfo = LKLiveTool;
		};
/* End PBXContainerItemProxy section */

/* Begin PBXCopyFilesBuildPhase section */
		C44C0CD21D7442170050A648 /* Embed Frameworks */ = {
			isa = PBXCopyFilesBuildPhase;
			buildActionMask = 2147483647;
			dstPath = "";
			dstSubfolderSpec = 10;
			files = (
				C44C0CED1D7442F70050A648 /* Alamofire.framework in Embed Frameworks */,
				C44C0D091D7443F80050A648 /* SnapKit.framework in Embed Frameworks */,
			);
			name = "Embed Frameworks";
			runOnlyForDeploymentPostprocessing = 0;
		};
/* End PBXCopyFilesBuildPhase section */

/* Begin PBXFileReference section */
		C44C0CD31D7442C80050A648 /* Alamofire.xcodeproj */ = {isa = PBXFileReference; lastKnownFileType = "wrapper.pb-project"; name = Alamofire.xcodeproj; path = "Alamofire-master/Alamofire.xcodeproj"; sourceTree = "<group>"; };
		C44C0CF01D7443E00050A648 /* SnapKit.xcodeproj */ = {isa = PBXFileReference; lastKnownFileType = "wrapper.pb-project"; name = SnapKit.xcodeproj; path = "SnapKit-develop/SnapKit.xcodeproj"; sourceTree = "<group>"; };
		C48907B71D7430DC00B9B0DB /* LKLiveTool.app */ = {isa = PBXFileReference; explicitFileType = wrapper.application; includeInIndex = 0; path = LKLiveTool.app; sourceTree = BUILT_PRODUCTS_DIR; };
		C48907BA1D7430DC00B9B0DB /* AppDelegate.swift */ = {isa = PBXFileReference; lastKnownFileType = sourcecode.swift; name = AppDelegate.swift; path = ../AppDelegate.swift; sourceTree = "<group>"; };
		C48907BC1D7430DC00B9B0DB /* ViewController.swift */ = {isa = PBXFileReference; lastKnownFileType = sourcecode.swift; path = ViewController.swift; sourceTree = "<group>"; };
		C48907BF1D7430DC00B9B0DB /* Base */ = {isa = PBXFileReference; lastKnownFileType = file.storyboard; name = Base; path = Base.lproj/Main.storyboard; sourceTree = "<group>"; };
		C48907C11D7430DC00B9B0DB /* Assets.xcassets */ = {isa = PBXFileReference; lastKnownFileType = folder.assetcatalog; path = Assets.xcassets; sourceTree = "<group>"; };
		C48907C41D7430DC00B9B0DB /* Base */ = {isa = PBXFileReference; lastKnownFileType = file.storyboard; name = Base; path = Base.lproj/LaunchScreen.storyboard; sourceTree = "<group>"; };
		C48907C61D7430DC00B9B0DB /* Info.plist */ = {isa = PBXFileReference; lastKnownFileType = text.plist.xml; path = Info.plist; sourceTree = "<group>"; };
		C48907CB1D7430DC00B9B0DB /* LKLiveToolTests.xctest */ = {isa = PBXFileReference; explicitFileType = wrapper.cfbundle; includeInIndex = 0; path = LKLiveToolTests.xctest; sourceTree = BUILT_PRODUCTS_DIR; };
		C48907CF1D7430DC00B9B0DB /* LKLiveToolTests.swift */ = {isa = PBXFileReference; lastKnownFileType = sourcecode.swift; path = LKLiveToolTests.swift; sourceTree = "<group>"; };
		C48907D11D7430DC00B9B0DB /* Info.plist */ = {isa = PBXFileReference; lastKnownFileType = text.plist.xml; path = Info.plist; sourceTree = "<group>"; };
		C48907D61D7430DC00B9B0DB /* LKLiveToolUITests.xctest */ = {isa = PBXFileReference; explicitFileType = wrapper.cfbundle; includeInIndex = 0; path = LKLiveToolUITests.xctest; sourceTree = BUILT_PRODUCTS_DIR; };
		C48907DA1D7430DC00B9B0DB /* LKLiveToolUITests.swift */ = {isa = PBXFileReference; lastKnownFileType = sourcecode.swift; path = LKLiveToolUITests.swift; sourceTree = "<group>"; };
		C48907DC1D7430DC00B9B0DB /* Info.plist */ = {isa = PBXFileReference; lastKnownFileType = text.plist.xml; path = Info.plist; sourceTree = "<group>"; };
/* End PBXFileReference section */

/* Begin PBXFrameworksBuildPhase section */
		C48907B41D7430DC00B9B0DB /* Frameworks */ = {
			isa = PBXFrameworksBuildPhase;
			buildActionMask = 2147483647;
			files = (
				C44C0CEC1D7442F70050A648 /* Alamofire.framework in Frameworks */,
				C44C0D081D7443F80050A648 /* SnapKit.framework in Frameworks */,
			);
			runOnlyForDeploymentPostprocessing = 0;
		};
		C48907C81D7430DC00B9B0DB /* Frameworks */ = {
			isa = PBXFrameworksBuildPhase;
			buildActionMask = 2147483647;
			files = (
			);
			runOnlyForDeploymentPostprocessing = 0;
		};
		C48907D31D7430DC00B9B0DB /* Frameworks */ = {
			isa = PBXFrameworksBuildPhase;
			buildActionMask = 2147483647;
			files = (
			);
			runOnlyForDeploymentPostprocessing = 0;
		};
/* End PBXFrameworksBuildPhase section */

/* Begin PBXGroup section */
		C44C0CD41D7442C80050A648 /* Products */ = {
			isa = PBXGroup;
			children = (
				C44C0CDF1D7442C80050A648 /* Alamofire.framework */,
				C44C0CE11D7442C80050A648 /* Alamofire iOS Tests.xctest */,
				C44C0CE31D7442C80050A648 /* Alamofire.framework */,
				C44C0CE51D7442C80050A648 /* Alamofire OSX Tests.xctest */,
				C44C0CE71D7442C80050A648 /* Alamofire.framework */,
				C44C0CE91D7442C80050A648 /* Alamofire tvOS Tests.xctest */,
				C44C0CEB1D7442C80050A648 /* Alamofire.framework */,
			);
			name = Products;
			sourceTree = "<group>";
		};
		C44C0CF11D7443E00050A648 /* Products */ = {
			isa = PBXGroup;
			children = (
				C44C0CFB1D7443E00050A648 /* SnapKit.framework */,
				C44C0CFD1D7443E00050A648 /* SnapKit.framework */,
				C44C0CFF1D7443E00050A648 /* SnapKit.framework */,
				C44C0D011D7443E00050A648 /* SnapKit iOS Tests.xctest */,
				C44C0D031D7443E00050A648 /* SnapKit tvOS Tests.xctest */,
				C44C0D051D7443E00050A648 /* SnapKit OSX Tests.xctest */,
				C44C0D071D7443E00050A648 /* Example-iOS.app */,
			);
			name = Products;
			sourceTree = "<group>";
		};
		C48907AE1D7430DC00B9B0DB = {
			isa = PBXGroup;
			children = (
				C48907B91D7430DC00B9B0DB /* LKLiveTool */,
				C48907CE1D7430DC00B9B0DB /* LKLiveToolTests */,
				C48907D91D7430DC00B9B0DB /* LKLiveToolUITests */,
				C48907B81D7430DC00B9B0DB /* Products */,
			);
			sourceTree = "<group>";
		};
		C48907B81D7430DC00B9B0DB /* Products */ = {
			isa = PBXGroup;
			children = (
				C48907B71D7430DC00B9B0DB /* LKLiveTool.app */,
				C48907CB1D7430DC00B9B0DB /* LKLiveToolTests.xctest */,
				C48907D61D7430DC00B9B0DB /* LKLiveToolUITests.xctest */,
			);
			name = Products;
			sourceTree = "<group>";
		};
		C48907B91D7430DC00B9B0DB /* LKLiveTool */ = {
			isa = PBXGroup;
			children = (
				C48907BC1D7430DC00B9B0DB /* ViewController.swift */,
				C48907C11D7430DC00B9B0DB /* Assets.xcassets */,
				C48907C61D7430DC00B9B0DB /* Info.plist */,
				C48907F11D74393B00B9B0DB /* Root */,
				C48907F01D74374500B9B0DB /* Extension */,
				C48907E91D7431AC00B9B0DB /* Main */,
				C48907E81D74319700B9B0DB /* Vender */,
			);
			path = LKLiveTool;
			sourceTree = "<group>";
		};
		C48907CE1D7430DC00B9B0DB /* LKLiveToolTests */ = {
			isa = PBXGroup;
			children = (
				C48907CF1D7430DC00B9B0DB /* LKLiveToolTests.swift */,
				C48907D11D7430DC00B9B0DB /* Info.plist */,
			);
			path = LKLiveToolTests;
			sourceTree = "<group>";
		};
		C48907D91D7430DC00B9B0DB /* LKLiveToolUITests */ = {
			isa = PBXGroup;
			children = (
				C48907DA1D7430DC00B9B0DB /* LKLiveToolUITests.swift */,
				C48907DC1D7430DC00B9B0DB /* Info.plist */,
			);
			path = LKLiveToolUITests;
			sourceTree = "<group>";
		};
		C48907E81D74319700B9B0DB /* Vender */ = {
			isa = PBXGroup;
			children = (
				C44C0CF01D7443E00050A648 /* SnapKit.xcodeproj */,
				C44C0CD31D7442C80050A648 /* Alamofire.xcodeproj */,
			);
			path = Vender;
			sourceTree = "<group>";
		};
		C48907E91D7431AC00B9B0DB /* Main */ = {
			isa = PBXGroup;
			children = (
			);
			path = Main;
			sourceTree = "<group>";
		};
		C48907F01D74374500B9B0DB /* Extension */ = {
			isa = PBXGroup;
			children = (
			);
			path = Extension;
			sourceTree = "<group>";
		};
		C48907F11D74393B00B9B0DB /* Root */ = {
			isa = PBXGroup;
			children = (
				C48907C31D7430DC00B9B0DB /* LaunchScreen.storyboard */,
				C48907BE1D7430DC00B9B0DB /* Main.storyboard */,
				C48907BA1D7430DC00B9B0DB /* AppDelegate.swift */,
			);
			path = Root;
			sourceTree = "<group>";
		};
/* End PBXGroup section */

/* Begin PBXNativeTarget section */
		C48907B61D7430DC00B9B0DB /* LKLiveTool */ = {
			isa = PBXNativeTarget;
			buildConfigurationList = C48907DF1D7430DC00B9B0DB /* Build configuration list for PBXNativeTarget "LKLiveTool" */;
			buildPhases = (
				C48907B31D7430DC00B9B0DB /* Sources */,
				C48907B41D7430DC00B9B0DB /* Frameworks */,
				C48907B51D7430DC00B9B0DB /* Resources */,
				C44C0CD21D7442170050A648 /* Embed Frameworks */,
			);
			buildRules = (
			);
			dependencies = (
				C44C0CEF1D7442F70050A648 /* PBXTargetDependency */,
				C44C0D0B1D7443F80050A648 /* PBXTargetDependency */,
			);
			name = LKLiveTool;
			productName = LKLiveTool;
			productReference = C48907B71D7430DC00B9B0DB /* LKLiveTool.app */;
			productType = "com.apple.product-type.application";
		};
		C48907CA1D7430DC00B9B0DB /* LKLiveToolTests */ = {
			isa = PBXNativeTarget;
			buildConfigurationList = C48907E21D7430DC00B9B0DB /* Build configuration list for PBXNativeTarget "LKLiveToolTests" */;
			buildPhases = (
				C48907C71D7430DC00B9B0DB /* Sources */,
				C48907C81D7430DC00B9B0DB /* Frameworks */,
				C48907C91D7430DC00B9B0DB /* Resources */,
			);
			buildRules = (
			);
			dependencies = (
				C48907CD1D7430DC00B9B0DB /* PBXTargetDependency */,
			);
			name = LKLiveToolTests;
			productName = LKLiveToolTests;
			productReference = C48907CB1D7430DC00B9B0DB /* LKLiveToolTests.xctest */;
			productType = "com.apple.product-type.bundle.unit-test";
		};
		C48907D51D7430DC00B9B0DB /* LKLiveToolUITests */ = {
			isa = PBXNativeTarget;
			buildConfigurationList = C48907E51D7430DC00B9B0DB /* Build configuration list for PBXNativeTarget "LKLiveToolUITests" */;
			buildPhases = (
				C48907D21D7430DC00B9B0DB /* Sources */,
				C48907D31D7430DC00B9B0DB /* Frameworks */,
				C48907D41D7430DC00B9B0DB /* Resources */,
			);
			buildRules = (
			);
			dependencies = (
				C48907D81D7430DC00B9B0DB /* PBXTargetDependency */,
			);
			name = LKLiveToolUITests;
			productName = LKLiveToolUITests;
			productReference = C48907D61D7430DC00B9B0DB /* LKLiveToolUITests.xctest */;
			productType = "com.apple.product-type.bundle.ui-testing";
		};
/* End PBXNativeTarget section */

/* Begin PBXProject section */
		C48907AF1D7430DC00B9B0DB /* Project object */ = {
			isa = PBXProject;
			attributes = {
				LastSwiftUpdateCheck = 0730;
				LastUpgradeCheck = 0730;
				ORGANIZATIONNAME = LK;
				TargetAttributes = {
					C48907B61D7430DC00B9B0DB = {
						CreatedOnToolsVersion = 7.3.1;
					};
					C48907CA1D7430DC00B9B0DB = {
						CreatedOnToolsVersion = 7.3.1;
						TestTargetID = C48907B61D7430DC00B9B0DB;
					};
					C48907D51D7430DC00B9B0DB = {
						CreatedOnToolsVersion = 7.3.1;
						TestTargetID = C48907B61D7430DC00B9B0DB;
					};
				};
			};
			buildConfigurationList = C48907B21D7430DC00B9B0DB /* Build configuration list for PBXProject "LKLiveTool" */;
			compatibilityVersion = "Xcode 3.2";
			developmentRegion = English;
			hasScannedForEncodings = 0;
			knownRegions = (
				en,
				Base,
			);
			mainGroup = C48907AE1D7430DC00B9B0DB;
			productRefGroup = C48907B81D7430DC00B9B0DB /* Products */;
			projectDirPath = "";
			projectReferences = (
				{
					ProductGroup = C44C0CD41D7442C80050A648 /* Products */;
					ProjectRef = C44C0CD31D7442C80050A648 /* Alamofire.xcodeproj */;
				},
				{
					ProductGroup = C44C0CF11D7443E00050A648 /* Products */;
					ProjectRef = C44C0CF01D7443E00050A648 /* SnapKit.xcodeproj */;
				},
			);
			projectRoot = "";
			targets = (
				C48907B61D7430DC00B9B0DB /* LKLiveTool */,
				C48907CA1D7430DC00B9B0DB /* LKLiveToolTests */,
				C48907D51D7430DC00B9B0DB /* LKLiveToolUITests */,
			);
		};
/* End PBXProject section */

/* Begin PBXReferenceProxy section */
		C44C0CDF1D7442C80050A648 /* Alamofire.framework */ = {
			isa = PBXReferenceProxy;
			fileType = wrapper.framework;
			path = Alamofire.framework;
			remoteRef = C44C0CDE1D7442C80050A648 /* PBXContainerItemProxy */;
			sourceTree = BUILT_PRODUCTS_DIR;
		};
		C44C0CE11D7442C80050A648 /* Alamofire iOS Tests.xctest */ = {
			isa = PBXReferenceProxy;
			fileType = wrapper.cfbundle;
			path = "Alamofire iOS Tests.xctest";
			remoteRef = C44C0CE01D7442C80050A648 /* PBXContainerItemProxy */;
			sourceTree = BUILT_PRODUCTS_DIR;
		};
		C44C0CE31D7442C80050A648 /* Alamofire.framework */ = {
			isa = PBXReferenceProxy;
			fileType = wrapper.framework;
			path = Alamofire.framework;
			remoteRef = C44C0CE21D7442C80050A648 /* PBXContainerItemProxy */;
			sourceTree = BUILT_PRODUCTS_DIR;
		};
		C44C0CE51D7442C80050A648 /* Alamofire OSX Tests.xctest */ = {
			isa = PBXReferenceProxy;
			fileType = wrapper.cfbundle;
			path = "Alamofire OSX Tests.xctest";
			remoteRef = C44C0CE41D7442C80050A648 /* PBXContainerItemProxy */;
			sourceTree = BUILT_PRODUCTS_DIR;
		};
		C44C0CE71D7442C80050A648 /* Alamofire.framework */ = {
			isa = PBXReferenceProxy;
			fileType = wrapper.framework;
			path = Alamofire.framework;
			remoteRef = C44C0CE61D7442C80050A648 /* PBXContainerItemProxy */;
			sourceTree = BUILT_PRODUCTS_DIR;
		};
		C44C0CE91D7442C80050A648 /* Alamofire tvOS Tests.xctest */ = {
			isa = PBXReferenceProxy;
			fileType = wrapper.cfbundle;
			path = "Alamofire tvOS Tests.xctest";
			remoteRef = C44C0CE81D7442C80050A648 /* PBXContainerItemProxy */;
			sourceTree = BUILT_PRODUCTS_DIR;
		};
		C44C0CEB1D7442C80050A648 /* Alamofire.framework */ = {
			isa = PBXReferenceProxy;
			fileType = wrapper.framework;
			path = Alamofire.framework;
			remoteRef = C44C0CEA1D7442C80050A648 /* PBXContainerItemProxy */;
			sourceTree = BUILT_PRODUCTS_DIR;
		};
		C44C0CFB1D7443E00050A648 /* SnapKit.framework */ = {
			isa = PBXReferenceProxy;
			fileType = wrapper.framework;
			path = SnapKit.framework;
			remoteRef = C44C0CFA1D7443E00050A648 /* PBXContainerItemProxy */;
			sourceTree = BUILT_PRODUCTS_DIR;
		};
		C44C0CFD1D7443E00050A648 /* SnapKit.framework */ = {
			isa = PBXReferenceProxy;
			fileType = wrapper.framework;
			path = SnapKit.framework;
			remoteRef = C44C0CFC1D7443E00050A648 /* PBXContainerItemProxy */;
			sourceTree = BUILT_PRODUCTS_DIR;
		};
		C44C0CFF1D7443E00050A648 /* SnapKit.framework */ = {
			isa = PBXReferenceProxy;
			fileType = wrapper.framework;
			path = SnapKit.framework;
			remoteRef = C44C0CFE1D7443E00050A648 /* PBXContainerItemProxy */;
			sourceTree = BUILT_PRODUCTS_DIR;
		};
		C44C0D011D7443E00050A648 /* SnapKit iOS Tests.xctest */ = {
			isa = PBXReferenceProxy;
			fileType = wrapper.cfbundle;
			path = "SnapKit iOS Tests.xctest";
			remoteRef = C44C0D001D7443E00050A648 /* PBXContainerItemProxy */;
			sourceTree = BUILT_PRODUCTS_DIR;
		};
		C44C0D031D7443E00050A648 /* SnapKit tvOS Tests.xctest */ = {
			isa = PBXReferenceProxy;
			fileType = wrapper.cfbundle;
			path = "SnapKit tvOS Tests.xctest";
			remoteRef = C44C0D021D7443E00050A648 /* PBXContainerItemProxy */;
			sourceTree = BUILT_PRODUCTS_DIR;
		};
		C44C0D051D7443E00050A648 /* SnapKit OSX Tests.xctest */ = {
			isa = PBXReferenceProxy;
			fileType = wrapper.cfbundle;
			path = "SnapKit OSX Tests.xctest";
			remoteRef = C44C0D041D7443E00050A648 /* PBXContainerItemProxy */;
			sourceTree = BUILT_PRODUCTS_DIR;
		};
		C44C0D071D7443E00050A648 /* Example-iOS.app */ = {
			isa = PBXReferenceProxy;
			fileType = wrapper.application;
			path = "Example-iOS.app";
			remoteRef = C44C0D061D7443E00050A648 /* PBXContainerItemProxy */;
			sourceTree = BUILT_PRODUCTS_DIR;
		};
/* End PBXReferenceProxy section */

/* Begin PBXResourcesBuildPhase section */
		C48907B51D7430DC00B9B0DB /* Resources */ = {
			isa = PBXResourcesBuildPhase;
			buildActionMask = 2147483647;
			files = (
				C48907C51D7430DC00B9B0DB /* LaunchScreen.storyboard in Resources */,
				C48907C21D7430DC00B9B0DB /* Assets.xcassets in Resources */,
				C48907C01D7430DC00B9B0DB /* Main.storyboard in Resources */,
			);
			runOnlyForDeploymentPostprocessing = 0;
		};
		C48907C91D7430DC00B9B0DB /* Resources */ = {
			isa = PBXResourcesBuildPhase;
			buildActionMask = 2147483647;
			files = (
			);
			runOnlyForDeploymentPostprocessing = 0;
		};
		C48907D41D7430DC00B9B0DB /* Resources */ = {
			isa = PBXResourcesBuildPhase;
			buildActionMask = 2147483647;
			files = (
			);
			runOnlyForDeploymentPostprocessing = 0;
		};
/* End PBXResourcesBuildPhase section */

/* Begin PBXSourcesBuildPhase section */
		C48907B31D7430DC00B9B0DB /* Sources */ = {
			isa = PBXSourcesBuildPhase;
			buildActionMask = 2147483647;
			files = (
				C48907BD1D7430DC00B9B0DB /* ViewController.swift in Sources */,
				C48907BB1D7430DC00B9B0DB /* AppDelegate.swift in Sources */,
			);
			runOnlyForDeploymentPostprocessing = 0;
		};
		C48907C71D7430DC00B9B0DB /* Sources */ = {
			isa = PBXSourcesBuildPhase;
			buildActionMask = 2147483647;
			files = (
				C48907D01D7430DC00B9B0DB /* LKLiveToolTests.swift in Sources */,
			);
			runOnlyForDeploymentPostprocessing = 0;
		};
		C48907D21D7430DC00B9B0DB /* Sources */ = {
			isa = PBXSourcesBuildPhase;
			buildActionMask = 2147483647;
			files = (
				C48907DB1D7430DC00B9B0DB /* LKLiveToolUITests.swift in Sources */,
			);
			runOnlyForDeploymentPostprocessing = 0;
		};
/* End PBXSourcesBuildPhase section */

/* Begin PBXTargetDependency section */
		C44C0CEF1D7442F70050A648 /* PBXTargetDependency */ = {
			isa = PBXTargetDependency;
			name = "Alamofire iOS";
			targetProxy = C44C0CEE1D7442F70050A648 /* PBXContainerItemProxy */;
		};
		C44C0D0B1D7443F80050A648 /* PBXTargetDependency */ = {
			isa = PBXTargetDependency;
			name = "SnapKit iOS";
			targetProxy = C44C0D0A1D7443F80050A648 /* PBXContainerItemProxy */;
		};
		C48907CD1D7430DC00B9B0DB /* PBXTargetDependency */ = {
			isa = PBXTargetDependency;
			target = C48907B61D7430DC00B9B0DB /* LKLiveTool */;
			targetProxy = C48907CC1D7430DC00B9B0DB /* PBXContainerItemProxy */;
		};
		C48907D81D7430DC00B9B0DB /* PBXTargetDependency */ = {
			isa = PBXTargetDependency;
			target = C48907B61D7430DC00B9B0DB /* LKLiveTool */;
			targetProxy = C48907D71D7430DC00B9B0DB /* PBXContainerItemProxy */;
		};
/* End PBXTargetDependency section */

/* Begin PBXVariantGroup section */
		C48907BE1D7430DC00B9B0DB /* Main.storyboard */ = {
			isa = PBXVariantGroup;
			children = (
				C48907BF1D7430DC00B9B0DB /* Base */,
			);
			name = Main.storyboard;
			path = ..;
			sourceTree = "<group>";
		};
		C48907C31D7430DC00B9B0DB /* LaunchScreen.storyboard */ = {
			isa = PBXVariantGroup;
			children = (
				C48907C41D7430DC00B9B0DB /* Base */,
			);
			name = LaunchScreen.storyboard;
			path = ..;
			sourceTree = "<group>";
		};
/* End PBXVariantGroup section */

/* Begin XCBuildConfiguration section */
		C48907DD1D7430DC00B9B0DB /* Debug */ = {
			isa = XCBuildConfiguration;
			buildSettings = {
				ALWAYS_SEARCH_USER_PATHS = NO;
				CLANG_ANALYZER_NONNULL = YES;
				CLANG_CXX_LANGUAGE_STANDARD = "gnu++0x";
				CLANG_CXX_LIBRARY = "libc++";
				CLANG_ENABLE_MODULES = YES;
				CLANG_ENABLE_OBJC_ARC = YES;
				CLANG_WARN_BOOL_CONVERSION = YES;
				CLANG_WARN_CONSTANT_CONVERSION = YES;
				CLANG_WARN_DIRECT_OBJC_ISA_USAGE = YES_ERROR;
				CLANG_WARN_EMPTY_BODY = YES;
				CLANG_WARN_ENUM_CONVERSION = YES;
				CLANG_WARN_INT_CONVERSION = YES;
				CLANG_WARN_OBJC_ROOT_CLASS = YES_ERROR;
				CLANG_WARN_UNREACHABLE_CODE = YES;
				CLANG_WARN__DUPLICATE_METHOD_MATCH = YES;
				"CODE_SIGN_IDENTITY[sdk=iphoneos*]" = "iPhone Developer";
				COPY_PHASE_STRIP = NO;
				DEBUG_INFORMATION_FORMAT = dwarf;
				ENABLE_STRICT_OBJC_MSGSEND = YES;
				ENABLE_TESTABILITY = YES;
				GCC_C_LANGUAGE_STANDARD = gnu99;
				GCC_DYNAMIC_NO_PIC = NO;
				GCC_NO_COMMON_BLOCKS = YES;
				GCC_OPTIMIZATION_LEVEL = 0;
				GCC_PREPROCESSOR_DEFINITIONS = (
					"DEBUG=1",
					"$(inherited)",
				);
				GCC_WARN_64_TO_32_BIT_CONVERSION = YES;
				GCC_WARN_ABOUT_RETURN_TYPE = YES_ERROR;
				GCC_WARN_UNDECLARED_SELECTOR = YES;
				GCC_WARN_UNINITIALIZED_AUTOS = YES_AGGRESSIVE;
				GCC_WARN_UNUSED_FUNCTION = YES;
				GCC_WARN_UNUSED_VARIABLE = YES;
				IPHONEOS_DEPLOYMENT_TARGET = 9.3;
				MTL_ENABLE_DEBUG_INFO = YES;
				ONLY_ACTIVE_ARCH = YES;
				SDKROOT = iphoneos;
				SWIFT_OPTIMIZATION_LEVEL = "-Onone";
				TARGETED_DEVICE_FAMILY = "1,2";
			};
			name = Debug;
		};
		C48907DE1D7430DC00B9B0DB /* Release */ = {
			isa = XCBuildConfiguration;
			buildSettings = {
				ALWAYS_SEARCH_USER_PATHS = NO;
				CLANG_ANALYZER_NONNULL = YES;
				CLANG_CXX_LANGUAGE_STANDARD = "gnu++0x";
				CLANG_CXX_LIBRARY = "libc++";
				CLANG_ENABLE_MODULES = YES;
				CLANG_ENABLE_OBJC_ARC = YES;
				CLANG_WARN_BOOL_CONVERSION = YES;
				CLANG_WARN_CONSTANT_CONVERSION = YES;
				CLANG_WARN_DIRECT_OBJC_ISA_USAGE = YES_ERROR;
				CLANG_WARN_EMPTY_BODY = YES;
				CLANG_WARN_ENUM_CONVERSION = YES;
				CLANG_WARN_INT_CONVERSION = YES;
				CLANG_WARN_OBJC_ROOT_CLASS = YES_ERROR;
				CLANG_WARN_UNREACHABLE_CODE = YES;
				CLANG_WARN__DUPLICATE_METHOD_MATCH = YES;
				"CODE_SIGN_IDENTITY[sdk=iphoneos*]" = "iPhone Developer";
				COPY_PHASE_STRIP = NO;
				DEBUG_INFORMATION_FORMAT = "dwarf-with-dsym";
				ENABLE_NS_ASSERTIONS = NO;
				ENABLE_STRICT_OBJC_MSGSEND = YES;
				GCC_C_LANGUAGE_STANDARD = gnu99;
				GCC_NO_COMMON_BLOCKS = YES;
				GCC_WARN_64_TO_32_BIT_CONVERSION = YES;
				GCC_WARN_ABOUT_RETURN_TYPE = YES_ERROR;
				GCC_WARN_UNDECLARED_SELECTOR = YES;
				GCC_WARN_UNINITIALIZED_AUTOS = YES_AGGRESSIVE;
				GCC_WARN_UNUSED_FUNCTION = YES;
				GCC_WARN_UNUSED_VARIABLE = YES;
				IPHONEOS_DEPLOYMENT_TARGET = 9.3;
				MTL_ENABLE_DEBUG_INFO = NO;
				SDKROOT = iphoneos;
				TARGETED_DEVICE_FAMILY = "1,2";
				VALIDATE_PRODUCT = YES;
			};
			name = Release;
		};
		C48907E01D7430DC00B9B0DB /* Debug */ = {
			isa = XCBuildConfiguration;
			buildSettings = {
				ASSETCATALOG_COMPILER_APPICON_NAME = AppIcon;
				EMBEDDED_CONTENT_CONTAINS_SWIFT = YES;
				INFOPLIST_FILE = LKLiveTool/Info.plist;
				IPHONEOS_DEPLOYMENT_TARGET = 8.0;
				LD_RUNPATH_SEARCH_PATHS = "$(inherited) @executable_path/Frameworks";
				PRODUCT_BUNDLE_IDENTIFIER = com.lk.LKLiveTool;
				PRODUCT_NAME = "$(TARGET_NAME)";
			};
			name = Debug;
		};
		C48907E11D7430DC00B9B0DB /* Release */ = {
			isa = XCBuildConfiguration;
			buildSettings = {
				ASSETCATALOG_COMPILER_APPICON_NAME = AppIcon;
				EMBEDDED_CONTENT_CONTAINS_SWIFT = YES;
				INFOPLIST_FILE = LKLiveTool/Info.plist;
				IPHONEOS_DEPLOYMENT_TARGET = 8.0;
				LD_RUNPATH_SEARCH_PATHS = "$(inherited) @executable_path/Frameworks";
				PRODUCT_BUNDLE_IDENTIFIER = com.lk.LKLiveTool;
				PRODUCT_NAME = "$(TARGET_NAME)";
			};
			name = Release;
		};
		C48907E31D7430DC00B9B0DB /* Debug */ = {
			isa = XCBuildConfiguration;
			buildSettings = {
				BUNDLE_LOADER = "$(TEST_HOST)";
				INFOPLIST_FILE = LKLiveToolTests/Info.plist;
				LD_RUNPATH_SEARCH_PATHS = "$(inherited) @executable_path/Frameworks @loader_path/Frameworks";
				PRODUCT_BUNDLE_IDENTIFIER = com.lk.LKLiveToolTests;
				PRODUCT_NAME = "$(TARGET_NAME)";
				TEST_HOST = "$(BUILT_PRODUCTS_DIR)/LKLiveTool.app/LKLiveTool";
			};
			name = Debug;
		};
		C48907E41D7430DC00B9B0DB /* Release */ = {
			isa = XCBuildConfiguration;
			buildSettings = {
				BUNDLE_LOADER = "$(TEST_HOST)";
				INFOPLIST_FILE = LKLiveToolTests/Info.plist;
				LD_RUNPATH_SEARCH_PATHS = "$(inherited) @executable_path/Frameworks @loader_path/Frameworks";
				PRODUCT_BUNDLE_IDENTIFIER = com.lk.LKLiveToolTests;
				PRODUCT_NAME = "$(TARGET_NAME)";
				TEST_HOST = "$(BUILT_PRODUCTS_DIR)/LKLiveTool.app/LKLiveTool";
			};
			name = Release;
		};
		C48907E61D7430DC00B9B0DB /* Debug */ = {
			isa = XCBuildConfiguration;
			buildSettings = {
				INFOPLIST_FILE = LKLiveToolUITests/Info.plist;
				LD_RUNPATH_SEARCH_PATHS = "$(inherited) @executable_path/Frameworks @loader_path/Frameworks";
				PRODUCT_BUNDLE_IDENTIFIER = com.lk.LKLiveToolUITests;
				PRODUCT_NAME = "$(TARGET_NAME)";
				TEST_TARGET_NAME = LKLiveTool;
			};
			name = Debug;
		};
		C48907E71D7430DC00B9B0DB /* Release */ = {
			isa = XCBuildConfiguration;
			buildSettings = {
				INFOPLIST_FILE = LKLiveToolUITests/Info.plist;
				LD_RUNPATH_SEARCH_PATHS = "$(inherited) @executable_path/Frameworks @loader_path/Frameworks";
				PRODUCT_BUNDLE_IDENTIFIER = com.lk.LKLiveToolUITests;
				PRODUCT_NAME = "$(TARGET_NAME)";
				TEST_TARGET_NAME = LKLiveTool;
			};
			name = Release;
		};
/* End XCBuildConfiguration section */

/* Begin XCConfigurationList section */
		C48907B21D7430DC00B9B0DB /* Build configuration list for PBXProject "LKLiveTool" */ = {
			isa = XCConfigurationList;
			buildConfigurations = (
				C48907DD1D7430DC00B9B0DB /* Debug */,
				C48907DE1D7430DC00B9B0DB /* Release */,
			);
			defaultConfigurationIsVisible = 0;
			defaultConfigurationName = Release;
		};
		C48907DF1D7430DC00B9B0DB /* Build configuration list for PBXNativeTarget "LKLiveTool" */ = {
			isa = XCConfigurationList;
			buildConfigurations = (
				C48907E01D7430DC00B9B0DB /* Debug */,
				C48907E11D7430DC00B9B0DB /* Release */,
			);
			defaultConfigurationIsVisible = 0;
			defaultConfigurationName = Release;
		};
		C48907E21D7430DC00B9B0DB /* Build configuration list for PBXNativeTarget "LKLiveToolTests" */ = {
			isa = XCConfigurationList;
			buildConfigurations = (
				C48907E31D7430DC00B9B0DB /* Debug */,
				C48907E41D7430DC00B9B0DB /* Release */,
			);
			defaultConfigurationIsVisible = 0;
			defaultConfigurationName = Release;
		};
		C48907E51D7430DC00B9B0DB /* Build configuration list for PBXNativeTarget "LKLiveToolUITests" */ = {
			isa = XCConfigurationList;
			buildConfigurations = (
				C48907E61D7430DC00B9B0DB /* Debug */,
				C48907E71D7430DC00B9B0DB /* Release */,
			);
			defaultConfigurationIsVisible = 0;
			defaultConfigurationName = Release;
		};
/* End XCConfigurationList section */
	};
	rootObject = C48907AF1D7430DC00B9B0DB /* Project object */;
}
